// !$*UTF8*$!
{
	archiveVersion = 1;
	classes = {
	};
	objectVersion = 46;
	objects = {

/* Begin PBXBuildFile section */
		6002B0DB1B126D8000459AAC /* CRSingleFileStorage.h in Headers */ = {isa = PBXBuildFile; fileRef = 6002B0D91B126D8000459AAC /* CRSingleFileStorage.h */; };
		6002B0DC1B126D8000459AAC /* CRSingleFileStorage.m in Sources */ = {isa = PBXBuildFile; fileRef = 6002B0DA1B126D8000459AAC /* CRSingleFileStorage.m */; };
		6002B0DF1B12768D00459AAC /* CRBeaconStorage.h in Headers */ = {isa = PBXBuildFile; fileRef = 6002B0DD1B12768D00459AAC /* CRBeaconStorage.h */; };
		6002B0E01B12768D00459AAC /* CRBeaconStorage.m in Sources */ = {isa = PBXBuildFile; fileRef = 6002B0DE1B12768D00459AAC /* CRBeaconStorage.m */; };
		6002B0E21B1277C700459AAC /* CRSingleFileStorageTests.m in Sources */ = {isa = PBXBuildFile; fileRef = 6002B0E11B1277C700459AAC /* CRSingleFileStorageTests.m */; };
		60053CDC1B16F95900A9FA03 /* CRBeaconCacheTests.m in Sources */ = {isa = PBXBuildFile; fileRef = 60053CDB1B16F95900A9FA03 /* CRBeaconCacheTests.m */; };
		60053CE51B16FE8C00A9FA03 /* libOCMock.a in Frameworks */ = {isa = PBXBuildFile; fileRef = 60053CE41B16FE8C00A9FA03 /* libOCMock.a */; };
		60053CE71B17183F00A9FA03 /* CREventTests.m in Sources */ = {isa = PBXBuildFile; fileRef = 60053CE61B17183F00A9FA03 /* CREventTests.m */; };
		6009ED331B1139EC0090C1A7 /* CRDefines.h in Headers */ = {isa = PBXBuildFile; fileRef = 6009ED311B1139EC0090C1A7 /* CRDefines.h */; };
		6009ED371B1142A50090C1A7 /* CRBeaconManagerDelegate.h in Headers */ = {isa = PBXBuildFile; fileRef = 6009ED351B1142A50090C1A7 /* CRBeaconManagerDelegate.h */; settings = {ATTRIBUTES = (Public, ); }; };
		6009ED3C1B1144B00090C1A7 /* CREvent.h in Headers */ = {isa = PBXBuildFile; fileRef = 6009ED3A1B1144B00090C1A7 /* CREvent.h */; settings = {ATTRIBUTES = (Public, ); }; };
		6009ED3D1B1144B00090C1A7 /* CREvent.m in Sources */ = {isa = PBXBuildFile; fileRef = 6009ED3B1B1144B00090C1A7 /* CREvent.m */; };
		6009ED401B11451E0090C1A7 /* CRTextEvent.h in Headers */ = {isa = PBXBuildFile; fileRef = 6009ED3E1B11451E0090C1A7 /* CRTextEvent.h */; settings = {ATTRIBUTES = (Public, ); }; };
		6009ED411B11451E0090C1A7 /* CRTextEvent.m in Sources */ = {isa = PBXBuildFile; fileRef = 6009ED3F1B11451E0090C1A7 /* CRTextEvent.m */; };
		601355E51C1DE9D20068EA47 /* CoreBluetooth.framework in Frameworks */ = {isa = PBXBuildFile; fileRef = 60CC3B021B15FC3700229A55 /* CoreBluetooth.framework */; };
		601355E61C1DE9DC0068EA47 /* CoreLocation.framework in Frameworks */ = {isa = PBXBuildFile; fileRef = 6061DA921B111E61002DC83B /* CoreLocation.framework */; };
		601355E71C1DEA2F0068EA47 /* CRBeaconCache.m in Sources */ = {isa = PBXBuildFile; fileRef = 603CC7E31B14BF8C0077A48C /* CRBeaconCache.m */; };
		601355E81C1DEA2F0068EA47 /* CRBeaconManager.m in Sources */ = {isa = PBXBuildFile; fileRef = 6061DA831B111D21002DC83B /* CRBeaconManager.m */; };
		601355E91C1DEA2F0068EA47 /* CREventCoordinator.m in Sources */ = {isa = PBXBuildFile; fileRef = 6036C8A41B1732B800D4CA87 /* CREventCoordinator.m */; };
		601355EA1C1DEA2F0068EA47 /* CRSingleFileStorage.m in Sources */ = {isa = PBXBuildFile; fileRef = 6002B0DA1B126D8000459AAC /* CRSingleFileStorage.m */; };
		601355EB1C1DEA2F0068EA47 /* CRBeaconEventAggregator.m in Sources */ = {isa = PBXBuildFile; fileRef = 60DCFA4B1B5A5A4000AD1FB4 /* CRBeaconEventAggregator.m */; };
		601355EC1C1DEA2F0068EA47 /* CRBeaconStorage.m in Sources */ = {isa = PBXBuildFile; fileRef = 6002B0DE1B12768D00459AAC /* CRBeaconStorage.m */; };
		601355ED1C1DEA2F0068EA47 /* CREventStorage.m in Sources */ = {isa = PBXBuildFile; fileRef = 604601B51B15AF4C00F32E80 /* CREventStorage.m */; };
		601355EE1C1DEA2F0068EA47 /* CREventStorage+Filter.m in Sources */ = {isa = PBXBuildFile; fileRef = 6036C8AA1B174AC900D4CA87 /* CREventStorage+Filter.m */; };
		601355EF1C1DEA2F0068EA47 /* CRBeacon.m in Sources */ = {isa = PBXBuildFile; fileRef = 6061DA8F1B111DB3002DC83B /* CRBeacon.m */; };
		601355F01C1DEA2F0068EA47 /* CREvent.m in Sources */ = {isa = PBXBuildFile; fileRef = 6009ED3B1B1144B00090C1A7 /* CREvent.m */; };
		601355F11C1DEA2F0068EA47 /* CRTextEvent.m in Sources */ = {isa = PBXBuildFile; fileRef = 6009ED3F1B11451E0090C1A7 /* CRTextEvent.m */; };
		601355F21C1DEA2F0068EA47 /* CRNotificationEvent.m in Sources */ = {isa = PBXBuildFile; fileRef = 60C8BAD61B132A5B009024F8 /* CRNotificationEvent.m */; };
		601355F31C1DEA2F0068EA47 /* CRPersistentRequestQueue.m in Sources */ = {isa = PBXBuildFile; fileRef = 6051C16C1B512A5800F5D443 /* CRPersistentRequestQueue.m */; };
		601355F41C1DEA2F0068EA47 /* CRSyncManager.m in Sources */ = {isa = PBXBuildFile; fileRef = 6061DA8B1B111D95002DC83B /* CRSyncManager.m */; };
		601355F51C1DEA2F0068EA47 /* CRAnalyticsProvider.m in Sources */ = {isa = PBXBuildFile; fileRef = 606F0B271B1CC0C000E28436 /* CRAnalyticsProvider.m */; };
		601355F61C1DEA2F0068EA47 /* NSDate+ISO.m in Sources */ = {isa = PBXBuildFile; fileRef = 60A917711B5920C000BA57FE /* NSDate+ISO.m */; };
		601355FF1C1DEA2F0068EA47 /* AFHTTPRequestOperation.m in Sources */ = {isa = PBXBuildFile; fileRef = 6014AE101BB28CC600DDA034 /* AFHTTPRequestOperation.m */; };
		601356001C1DEA2F0068EA47 /* AFHTTPRequestOperationManager.m in Sources */ = {isa = PBXBuildFile; fileRef = 6014AE121BB28CC600DDA034 /* AFHTTPRequestOperationManager.m */; };
		601356011C1DEA2F0068EA47 /* AFHTTPSessionManager.m in Sources */ = {isa = PBXBuildFile; fileRef = 6014AE141BB28CC600DDA034 /* AFHTTPSessionManager.m */; };
		601356021C1DEA2F0068EA47 /* AFNetworkReachabilityManager.m in Sources */ = {isa = PBXBuildFile; fileRef = 6014AE171BB28CC600DDA034 /* AFNetworkReachabilityManager.m */; };
		601356031C1DEA2F0068EA47 /* AFSecurityPolicy.m in Sources */ = {isa = PBXBuildFile; fileRef = 6014AE191BB28CC600DDA034 /* AFSecurityPolicy.m */; };
		601356041C1DEA2F0068EA47 /* AFURLConnectionOperation.m in Sources */ = {isa = PBXBuildFile; fileRef = 6014AE1B1BB28CC600DDA034 /* AFURLConnectionOperation.m */; };
		601356051C1DEA2F0068EA47 /* AFURLRequestSerialization.m in Sources */ = {isa = PBXBuildFile; fileRef = 6014AE1D1BB28CC600DDA034 /* AFURLRequestSerialization.m */; };
		601356061C1DEA2F0068EA47 /* AFURLResponseSerialization.m in Sources */ = {isa = PBXBuildFile; fileRef = 6014AE1F1BB28CC600DDA034 /* AFURLResponseSerialization.m */; };
		601356071C1DEA2F0068EA47 /* AFURLSessionManager.m in Sources */ = {isa = PBXBuildFile; fileRef = 6014AE211BB28CC600DDA034 /* AFURLSessionManager.m */; };
		601356081C1DEA2F0068EA47 /* AFNetworkActivityIndicatorManager.m in Sources */ = {isa = PBXBuildFile; fileRef = 60AC5ED71B1DFC2A00957B9C /* AFNetworkActivityIndicatorManager.m */; };
		601356091C1DEA2F0068EA47 /* UIActivityIndicatorView+AFNetworking.m in Sources */ = {isa = PBXBuildFile; fileRef = 60AC5ED91B1DFC2A00957B9C /* UIActivityIndicatorView+AFNetworking.m */; };
		6013560A1C1DEA2F0068EA47 /* UIAlertView+AFNetworking.m in Sources */ = {isa = PBXBuildFile; fileRef = 60AC5EDB1B1DFC2A00957B9C /* UIAlertView+AFNetworking.m */; };
		6013560B1C1DEA2F0068EA47 /* UIButton+AFNetworking.m in Sources */ = {isa = PBXBuildFile; fileRef = 60AC5EDD1B1DFC2A00957B9C /* UIButton+AFNetworking.m */; };
		6013560C1C1DEA2F0068EA47 /* UIImageView+AFNetworking.m in Sources */ = {isa = PBXBuildFile; fileRef = 60AC5EDF1B1DFC2A00957B9C /* UIImageView+AFNetworking.m */; };
		6013560D1C1DEA2F0068EA47 /* UIProgressView+AFNetworking.m in Sources */ = {isa = PBXBuildFile; fileRef = 60AC5EE21B1DFC2A00957B9C /* UIProgressView+AFNetworking.m */; };
		6013560E1C1DEA2F0068EA47 /* UIRefreshControl+AFNetworking.m in Sources */ = {isa = PBXBuildFile; fileRef = 60AC5EE41B1DFC2A00957B9C /* UIRefreshControl+AFNetworking.m */; };
		6013560F1C1DEA2F0068EA47 /* UIWebView+AFNetworking.m in Sources */ = {isa = PBXBuildFile; fileRef = 60AC5EE61B1DFC2A00957B9C /* UIWebView+AFNetworking.m */; };
		6014AE221BB28CC600DDA034 /* AFHTTPRequestOperation.h in Headers */ = {isa = PBXBuildFile; fileRef = 6014AE0F1BB28CC600DDA034 /* AFHTTPRequestOperation.h */; };
		6014AE231BB28CC600DDA034 /* AFHTTPRequestOperation.m in Sources */ = {isa = PBXBuildFile; fileRef = 6014AE101BB28CC600DDA034 /* AFHTTPRequestOperation.m */; };
		6014AE241BB28CC600DDA034 /* AFHTTPRequestOperationManager.h in Headers */ = {isa = PBXBuildFile; fileRef = 6014AE111BB28CC600DDA034 /* AFHTTPRequestOperationManager.h */; };
		6014AE251BB28CC600DDA034 /* AFHTTPRequestOperationManager.m in Sources */ = {isa = PBXBuildFile; fileRef = 6014AE121BB28CC600DDA034 /* AFHTTPRequestOperationManager.m */; };
		6014AE261BB28CC600DDA034 /* AFHTTPSessionManager.h in Headers */ = {isa = PBXBuildFile; fileRef = 6014AE131BB28CC600DDA034 /* AFHTTPSessionManager.h */; };
		6014AE271BB28CC600DDA034 /* AFHTTPSessionManager.m in Sources */ = {isa = PBXBuildFile; fileRef = 6014AE141BB28CC600DDA034 /* AFHTTPSessionManager.m */; };
		6014AE281BB28CC600DDA034 /* AFNetworking.h in Headers */ = {isa = PBXBuildFile; fileRef = 6014AE151BB28CC600DDA034 /* AFNetworking.h */; };
		6014AE291BB28CC600DDA034 /* AFNetworkReachabilityManager.h in Headers */ = {isa = PBXBuildFile; fileRef = 6014AE161BB28CC600DDA034 /* AFNetworkReachabilityManager.h */; };
		6014AE2A1BB28CC600DDA034 /* AFNetworkReachabilityManager.m in Sources */ = {isa = PBXBuildFile; fileRef = 6014AE171BB28CC600DDA034 /* AFNetworkReachabilityManager.m */; };
		6014AE2B1BB28CC600DDA034 /* AFSecurityPolicy.h in Headers */ = {isa = PBXBuildFile; fileRef = 6014AE181BB28CC600DDA034 /* AFSecurityPolicy.h */; };
		6014AE2C1BB28CC600DDA034 /* AFSecurityPolicy.m in Sources */ = {isa = PBXBuildFile; fileRef = 6014AE191BB28CC600DDA034 /* AFSecurityPolicy.m */; };
		6014AE2D1BB28CC600DDA034 /* AFURLConnectionOperation.h in Headers */ = {isa = PBXBuildFile; fileRef = 6014AE1A1BB28CC600DDA034 /* AFURLConnectionOperation.h */; };
		6014AE2E1BB28CC600DDA034 /* AFURLConnectionOperation.m in Sources */ = {isa = PBXBuildFile; fileRef = 6014AE1B1BB28CC600DDA034 /* AFURLConnectionOperation.m */; };
		6014AE2F1BB28CC600DDA034 /* AFURLRequestSerialization.h in Headers */ = {isa = PBXBuildFile; fileRef = 6014AE1C1BB28CC600DDA034 /* AFURLRequestSerialization.h */; };
		6014AE301BB28CC600DDA034 /* AFURLRequestSerialization.m in Sources */ = {isa = PBXBuildFile; fileRef = 6014AE1D1BB28CC600DDA034 /* AFURLRequestSerialization.m */; };
		6014AE311BB28CC600DDA034 /* AFURLResponseSerialization.h in Headers */ = {isa = PBXBuildFile; fileRef = 6014AE1E1BB28CC600DDA034 /* AFURLResponseSerialization.h */; };
		6014AE321BB28CC600DDA034 /* AFURLResponseSerialization.m in Sources */ = {isa = PBXBuildFile; fileRef = 6014AE1F1BB28CC600DDA034 /* AFURLResponseSerialization.m */; };
		6014AE331BB28CC600DDA034 /* AFURLSessionManager.h in Headers */ = {isa = PBXBuildFile; fileRef = 6014AE201BB28CC600DDA034 /* AFURLSessionManager.h */; };
		6014AE341BB28CC600DDA034 /* AFURLSessionManager.m in Sources */ = {isa = PBXBuildFile; fileRef = 6014AE211BB28CC600DDA034 /* AFURLSessionManager.m */; };
		60167BE41B5BD30B00B44EF5 /* CRBeaconEventAggregatorTests.m in Sources */ = {isa = PBXBuildFile; fileRef = 60167BE31B5BD30B00B44EF5 /* CRBeaconEventAggregatorTests.m */; };
		6036C8A51B1732B800D4CA87 /* CREventCoordinator.h in Headers */ = {isa = PBXBuildFile; fileRef = 6036C8A31B1732B800D4CA87 /* CREventCoordinator.h */; };
		6036C8A61B1732B800D4CA87 /* CREventCoordinator.m in Sources */ = {isa = PBXBuildFile; fileRef = 6036C8A41B1732B800D4CA87 /* CREventCoordinator.m */; };
		6036C8A81B17346B00D4CA87 /* CREventCoordinatorTests.m in Sources */ = {isa = PBXBuildFile; fileRef = 6036C8A71B17346B00D4CA87 /* CREventCoordinatorTests.m */; };
		6036C8AB1B174AC900D4CA87 /* CREventStorage+Filter.h in Headers */ = {isa = PBXBuildFile; fileRef = 6036C8A91B174AC900D4CA87 /* CREventStorage+Filter.h */; };
		6036C8AC1B174AC900D4CA87 /* CREventStorage+Filter.m in Sources */ = {isa = PBXBuildFile; fileRef = 6036C8AA1B174AC900D4CA87 /* CREventStorage+Filter.m */; };
		603CC7991B1492B40077A48C /* CRBeaconManagerTests.m in Sources */ = {isa = PBXBuildFile; fileRef = 603CC7981B1492B40077A48C /* CRBeaconManagerTests.m */; };
		603CC7E41B14BF8C0077A48C /* CRBeaconCache.h in Headers */ = {isa = PBXBuildFile; fileRef = 603CC7E21B14BF8C0077A48C /* CRBeaconCache.h */; };
		603CC7E51B14BF8C0077A48C /* CRBeaconCache.m in Sources */ = {isa = PBXBuildFile; fileRef = 603CC7E31B14BF8C0077A48C /* CRBeaconCache.m */; };
		604225E41B1F792500115CD0 /* CREvent_Internal.h in Headers */ = {isa = PBXBuildFile; fileRef = 604225E31B1F792500115CD0 /* CREvent_Internal.h */; };
		604601B61B15AF4C00F32E80 /* CREventStorage.h in Headers */ = {isa = PBXBuildFile; fileRef = 604601B41B15AF4C00F32E80 /* CREventStorage.h */; };
		604601B71B15AF4C00F32E80 /* CREventStorage.m in Sources */ = {isa = PBXBuildFile; fileRef = 604601B51B15AF4C00F32E80 /* CREventStorage.m */; };
		6051C16D1B512A5800F5D443 /* CRPersistentRequestQueue.h in Headers */ = {isa = PBXBuildFile; fileRef = 6051C16B1B512A5800F5D443 /* CRPersistentRequestQueue.h */; };
		6051C16E1B512A5800F5D443 /* CRPersistentRequestQueue.m in Sources */ = {isa = PBXBuildFile; fileRef = 6051C16C1B512A5800F5D443 /* CRPersistentRequestQueue.m */; };
		6061DA691B111AF5002DC83B /* CarrotSDK.h in Headers */ = {isa = PBXBuildFile; fileRef = 6061DA681B111AF5002DC83B /* CarrotSDK.h */; settings = {ATTRIBUTES = (Public, ); }; };
		6061DA6F1B111AF5002DC83B /* CarrotSDK.framework in Frameworks */ = {isa = PBXBuildFile; fileRef = 6061DA631B111AF5002DC83B /* CarrotSDK.framework */; };
		6061DA841B111D21002DC83B /* CRBeaconManager.h in Headers */ = {isa = PBXBuildFile; fileRef = 6061DA821B111D21002DC83B /* CRBeaconManager.h */; settings = {ATTRIBUTES = (Public, ); }; };
		6061DA851B111D21002DC83B /* CRBeaconManager.m in Sources */ = {isa = PBXBuildFile; fileRef = 6061DA831B111D21002DC83B /* CRBeaconManager.m */; };
		6061DA8C1B111D95002DC83B /* CRSyncManager.h in Headers */ = {isa = PBXBuildFile; fileRef = 6061DA8A1B111D95002DC83B /* CRSyncManager.h */; };
		6061DA8D1B111D95002DC83B /* CRSyncManager.m in Sources */ = {isa = PBXBuildFile; fileRef = 6061DA8B1B111D95002DC83B /* CRSyncManager.m */; };
		6061DA901B111DB3002DC83B /* CRBeacon.h in Headers */ = {isa = PBXBuildFile; fileRef = 6061DA8E1B111DB3002DC83B /* CRBeacon.h */; settings = {ATTRIBUTES = (Public, ); }; };
		6061DA911B111DB3002DC83B /* CRBeacon.m in Sources */ = {isa = PBXBuildFile; fileRef = 6061DA8F1B111DB3002DC83B /* CRBeacon.m */; };
		6061DA931B111E61002DC83B /* CoreLocation.framework in Frameworks */ = {isa = PBXBuildFile; fileRef = 6061DA921B111E61002DC83B /* CoreLocation.framework */; };
		606F0B281B1CC0C000E28436 /* CRAnalyticsProvider.h in Headers */ = {isa = PBXBuildFile; fileRef = 606F0B261B1CC0C000E28436 /* CRAnalyticsProvider.h */; };
		606F0B291B1CC0C000E28436 /* CRAnalyticsProvider.m in Sources */ = {isa = PBXBuildFile; fileRef = 606F0B271B1CC0C000E28436 /* CRAnalyticsProvider.m */; };
		6099F30C1B315B8B00FE23A8 /* CRBeacon_Internal.h in Headers */ = {isa = PBXBuildFile; fileRef = 6099F30B1B315B8B00FE23A8 /* CRBeacon_Internal.h */; };
		60A917721B5920C000BA57FE /* NSDate+ISO.h in Headers */ = {isa = PBXBuildFile; fileRef = 60A917701B5920C000BA57FE /* NSDate+ISO.h */; };
		60A917731B5920C000BA57FE /* NSDate+ISO.m in Sources */ = {isa = PBXBuildFile; fileRef = 60A917711B5920C000BA57FE /* NSDate+ISO.m */; };
		60AC5EE71B1DFC2A00957B9C /* AFNetworkActivityIndicatorManager.h in Headers */ = {isa = PBXBuildFile; fileRef = 60AC5ED61B1DFC2A00957B9C /* AFNetworkActivityIndicatorManager.h */; };
		60AC5EE81B1DFC2A00957B9C /* AFNetworkActivityIndicatorManager.m in Sources */ = {isa = PBXBuildFile; fileRef = 60AC5ED71B1DFC2A00957B9C /* AFNetworkActivityIndicatorManager.m */; };
		60AC5EE91B1DFC2A00957B9C /* UIActivityIndicatorView+AFNetworking.h in Headers */ = {isa = PBXBuildFile; fileRef = 60AC5ED81B1DFC2A00957B9C /* UIActivityIndicatorView+AFNetworking.h */; };
		60AC5EEA1B1DFC2A00957B9C /* UIActivityIndicatorView+AFNetworking.m in Sources */ = {isa = PBXBuildFile; fileRef = 60AC5ED91B1DFC2A00957B9C /* UIActivityIndicatorView+AFNetworking.m */; };
		60AC5EEB1B1DFC2A00957B9C /* UIAlertView+AFNetworking.h in Headers */ = {isa = PBXBuildFile; fileRef = 60AC5EDA1B1DFC2A00957B9C /* UIAlertView+AFNetworking.h */; };
		60AC5EEC1B1DFC2A00957B9C /* UIAlertView+AFNetworking.m in Sources */ = {isa = PBXBuildFile; fileRef = 60AC5EDB1B1DFC2A00957B9C /* UIAlertView+AFNetworking.m */; };
		60AC5EED1B1DFC2A00957B9C /* UIButton+AFNetworking.h in Headers */ = {isa = PBXBuildFile; fileRef = 60AC5EDC1B1DFC2A00957B9C /* UIButton+AFNetworking.h */; };
		60AC5EEE1B1DFC2A00957B9C /* UIButton+AFNetworking.m in Sources */ = {isa = PBXBuildFile; fileRef = 60AC5EDD1B1DFC2A00957B9C /* UIButton+AFNetworking.m */; };
		60AC5EEF1B1DFC2A00957B9C /* UIImageView+AFNetworking.h in Headers */ = {isa = PBXBuildFile; fileRef = 60AC5EDE1B1DFC2A00957B9C /* UIImageView+AFNetworking.h */; };
		60AC5EF01B1DFC2A00957B9C /* UIImageView+AFNetworking.m in Sources */ = {isa = PBXBuildFile; fileRef = 60AC5EDF1B1DFC2A00957B9C /* UIImageView+AFNetworking.m */; };
		60AC5EF11B1DFC2A00957B9C /* UIKit+AFNetworking.h in Headers */ = {isa = PBXBuildFile; fileRef = 60AC5EE01B1DFC2A00957B9C /* UIKit+AFNetworking.h */; };
		60AC5EF21B1DFC2A00957B9C /* UIProgressView+AFNetworking.h in Headers */ = {isa = PBXBuildFile; fileRef = 60AC5EE11B1DFC2A00957B9C /* UIProgressView+AFNetworking.h */; };
		60AC5EF31B1DFC2A00957B9C /* UIProgressView+AFNetworking.m in Sources */ = {isa = PBXBuildFile; fileRef = 60AC5EE21B1DFC2A00957B9C /* UIProgressView+AFNetworking.m */; };
		60AC5EF41B1DFC2A00957B9C /* UIRefreshControl+AFNetworking.h in Headers */ = {isa = PBXBuildFile; fileRef = 60AC5EE31B1DFC2A00957B9C /* UIRefreshControl+AFNetworking.h */; };
		60AC5EF51B1DFC2A00957B9C /* UIRefreshControl+AFNetworking.m in Sources */ = {isa = PBXBuildFile; fileRef = 60AC5EE41B1DFC2A00957B9C /* UIRefreshControl+AFNetworking.m */; };
		60AC5EF61B1DFC2A00957B9C /* UIWebView+AFNetworking.h in Headers */ = {isa = PBXBuildFile; fileRef = 60AC5EE51B1DFC2A00957B9C /* UIWebView+AFNetworking.h */; };
		60AC5EF71B1DFC2A00957B9C /* UIWebView+AFNetworking.m in Sources */ = {isa = PBXBuildFile; fileRef = 60AC5EE61B1DFC2A00957B9C /* UIWebView+AFNetworking.m */; };
		60C8BAD71B132A5B009024F8 /* CRNotificationEvent.h in Headers */ = {isa = PBXBuildFile; fileRef = 60C8BAD51B132A5B009024F8 /* CRNotificationEvent.h */; settings = {ATTRIBUTES = (Public, ); }; };
		60C8BAD81B132A5B009024F8 /* CRNotificationEvent.m in Sources */ = {isa = PBXBuildFile; fileRef = 60C8BAD61B132A5B009024F8 /* CRNotificationEvent.m */; };
		60CC3B031B15FC3700229A55 /* CoreBluetooth.framework in Frameworks */ = {isa = PBXBuildFile; fileRef = 60CC3B021B15FC3700229A55 /* CoreBluetooth.framework */; };
		60CC3B071B15FFEF00229A55 /* CRBeaconManagerEnums.h in Headers */ = {isa = PBXBuildFile; fileRef = 60CC3B061B15FFA600229A55 /* CRBeaconManagerEnums.h */; settings = {ATTRIBUTES = (Public, ); }; };
		60CC3B091B1622B200229A55 /* CREventStorageTest.m in Sources */ = {isa = PBXBuildFile; fileRef = 60CC3B081B1622B200229A55 /* CREventStorageTest.m */; };
		60CF25BA1B1456E30069053A /* CRBeaconTests.m in Sources */ = {isa = PBXBuildFile; fileRef = 60CF25B91B1456E30069053A /* CRBeaconTests.m */; };
		60DCFA4C1B5A5A4000AD1FB4 /* CRBeaconEventAggregator.h in Headers */ = {isa = PBXBuildFile; fileRef = 60DCFA4A1B5A5A4000AD1FB4 /* CRBeaconEventAggregator.h */; };
		60DCFA4D1B5A5A4000AD1FB4 /* CRBeaconEventAggregator.m in Sources */ = {isa = PBXBuildFile; fileRef = 60DCFA4B1B5A5A4000AD1FB4 /* CRBeaconEventAggregator.m */; };
/* End PBXBuildFile section */

/* Begin PBXContainerItemProxy section */
		6061DA701B111AF5002DC83B /* PBXContainerItemProxy */ = {
			isa = PBXContainerItemProxy;
			containerPortal = 6061DA5A1B111AF5002DC83B /* Project object */;
			proxyType = 1;
			remoteGlobalIDString = 6061DA621B111AF5002DC83B;
			remoteInfo = CarrotSDK;
		};
/* End PBXContainerItemProxy section */

/* Begin PBXCopyFilesBuildPhase section */
		601355DA1C1DE9590068EA47 /* CopyFiles */ = {
			isa = PBXCopyFilesBuildPhase;
			buildActionMask = 2147483647;
			dstPath = "include/$(PRODUCT_NAME)";
			dstSubfolderSpec = 16;
			files = (
			);
			runOnlyForDeploymentPostprocessing = 0;
		};
/* End PBXCopyFilesBuildPhase section */

/* Begin PBXFileReference section */
		6002B0D91B126D8000459AAC /* CRSingleFileStorage.h */ = {isa = PBXFileReference; fileEncoding = 4; lastKnownFileType = sourcecode.c.h; path = CRSingleFileStorage.h; sourceTree = "<group>"; };
		6002B0DA1B126D8000459AAC /* CRSingleFileStorage.m */ = {isa = PBXFileReference; fileEncoding = 4; lastKnownFileType = sourcecode.c.objc; path = CRSingleFileStorage.m; sourceTree = "<group>"; };
		6002B0DD1B12768D00459AAC /* CRBeaconStorage.h */ = {isa = PBXFileReference; fileEncoding = 4; lastKnownFileType = sourcecode.c.h; path = CRBeaconStorage.h; sourceTree = "<group>"; };
		6002B0DE1B12768D00459AAC /* CRBeaconStorage.m */ = {isa = PBXFileReference; fileEncoding = 4; lastKnownFileType = sourcecode.c.objc; path = CRBeaconStorage.m; sourceTree = "<group>"; };
		6002B0E11B1277C700459AAC /* CRSingleFileStorageTests.m */ = {isa = PBXFileReference; fileEncoding = 4; lastKnownFileType = sourcecode.c.objc; path = CRSingleFileStorageTests.m; sourceTree = "<group>"; };
		60053CDB1B16F95900A9FA03 /* CRBeaconCacheTests.m */ = {isa = PBXFileReference; fileEncoding = 4; lastKnownFileType = sourcecode.c.objc; path = CRBeaconCacheTests.m; sourceTree = "<group>"; };
		60053CE41B16FE8C00A9FA03 /* libOCMock.a */ = {isa = PBXFileReference; lastKnownFileType = archive.ar; name = libOCMock.a; path = Vendor/libOCMock.a; sourceTree = "<group>"; };
		60053CE61B17183F00A9FA03 /* CREventTests.m */ = {isa = PBXFileReference; fileEncoding = 4; lastKnownFileType = sourcecode.c.objc; path = CREventTests.m; sourceTree = "<group>"; };
		6009ED311B1139EC0090C1A7 /* CRDefines.h */ = {isa = PBXFileReference; fileEncoding = 4; lastKnownFileType = sourcecode.c.h; path = CRDefines.h; sourceTree = "<group>"; };
		6009ED351B1142A50090C1A7 /* CRBeaconManagerDelegate.h */ = {isa = PBXFileReference; fileEncoding = 4; lastKnownFileType = sourcecode.c.h; path = CRBeaconManagerDelegate.h; sourceTree = "<group>"; };
		6009ED3A1B1144B00090C1A7 /* CREvent.h */ = {isa = PBXFileReference; fileEncoding = 4; lastKnownFileType = sourcecode.c.h; path = CREvent.h; sourceTree = "<group>"; };
		6009ED3B1B1144B00090C1A7 /* CREvent.m */ = {isa = PBXFileReference; fileEncoding = 4; lastKnownFileType = sourcecode.c.objc; path = CREvent.m; sourceTree = "<group>"; };
		6009ED3E1B11451E0090C1A7 /* CRTextEvent.h */ = {isa = PBXFileReference; fileEncoding = 4; lastKnownFileType = sourcecode.c.h; path = CRTextEvent.h; sourceTree = "<group>"; };
		6009ED3F1B11451E0090C1A7 /* CRTextEvent.m */ = {isa = PBXFileReference; fileEncoding = 4; lastKnownFileType = sourcecode.c.objc; path = CRTextEvent.m; sourceTree = "<group>"; };
		601355DC1C1DE9590068EA47 /* libCarrotSDKStatic.a */ = {isa = PBXFileReference; explicitFileType = archive.ar; includeInIndex = 0; path = libCarrotSDKStatic.a; sourceTree = BUILT_PRODUCTS_DIR; };
		6014AE0F1BB28CC600DDA034 /* AFHTTPRequestOperation.h */ = {isa = PBXFileReference; fileEncoding = 4; lastKnownFileType = sourcecode.c.h; path = AFHTTPRequestOperation.h; sourceTree = "<group>"; };
		6014AE101BB28CC600DDA034 /* AFHTTPRequestOperation.m */ = {isa = PBXFileReference; fileEncoding = 4; lastKnownFileType = sourcecode.c.objc; path = AFHTTPRequestOperation.m; sourceTree = "<group>"; };
		6014AE111BB28CC600DDA034 /* AFHTTPRequestOperationManager.h */ = {isa = PBXFileReference; fileEncoding = 4; lastKnownFileType = sourcecode.c.h; path = AFHTTPRequestOperationManager.h; sourceTree = "<group>"; };
		6014AE121BB28CC600DDA034 /* AFHTTPRequestOperationManager.m */ = {isa = PBXFileReference; fileEncoding = 4; lastKnownFileType = sourcecode.c.objc; path = AFHTTPRequestOperationManager.m; sourceTree = "<group>"; };
		6014AE131BB28CC600DDA034 /* AFHTTPSessionManager.h */ = {isa = PBXFileReference; fileEncoding = 4; lastKnownFileType = sourcecode.c.h; path = AFHTTPSessionManager.h; sourceTree = "<group>"; };
		6014AE141BB28CC600DDA034 /* AFHTTPSessionManager.m */ = {isa = PBXFileReference; fileEncoding = 4; lastKnownFileType = sourcecode.c.objc; path = AFHTTPSessionManager.m; sourceTree = "<group>"; };
		6014AE151BB28CC600DDA034 /* AFNetworking.h */ = {isa = PBXFileReference; fileEncoding = 4; lastKnownFileType = sourcecode.c.h; path = AFNetworking.h; sourceTree = "<group>"; };
		6014AE161BB28CC600DDA034 /* AFNetworkReachabilityManager.h */ = {isa = PBXFileReference; fileEncoding = 4; lastKnownFileType = sourcecode.c.h; path = AFNetworkReachabilityManager.h; sourceTree = "<group>"; };
		6014AE171BB28CC600DDA034 /* AFNetworkReachabilityManager.m */ = {isa = PBXFileReference; fileEncoding = 4; lastKnownFileType = sourcecode.c.objc; path = AFNetworkReachabilityManager.m; sourceTree = "<group>"; };
		6014AE181BB28CC600DDA034 /* AFSecurityPolicy.h */ = {isa = PBXFileReference; fileEncoding = 4; lastKnownFileType = sourcecode.c.h; path = AFSecurityPolicy.h; sourceTree = "<group>"; };
		6014AE191BB28CC600DDA034 /* AFSecurityPolicy.m */ = {isa = PBXFileReference; fileEncoding = 4; lastKnownFileType = sourcecode.c.objc; path = AFSecurityPolicy.m; sourceTree = "<group>"; };
		6014AE1A1BB28CC600DDA034 /* AFURLConnectionOperation.h */ = {isa = PBXFileReference; fileEncoding = 4; lastKnownFileType = sourcecode.c.h; path = AFURLConnectionOperation.h; sourceTree = "<group>"; };
		6014AE1B1BB28CC600DDA034 /* AFURLConnectionOperation.m */ = {isa = PBXFileReference; fileEncoding = 4; lastKnownFileType = sourcecode.c.objc; path = AFURLConnectionOperation.m; sourceTree = "<group>"; };
		6014AE1C1BB28CC600DDA034 /* AFURLRequestSerialization.h */ = {isa = PBXFileReference; fileEncoding = 4; lastKnownFileType = sourcecode.c.h; path = AFURLRequestSerialization.h; sourceTree = "<group>"; };
		6014AE1D1BB28CC600DDA034 /* AFURLRequestSerialization.m */ = {isa = PBXFileReference; fileEncoding = 4; lastKnownFileType = sourcecode.c.objc; path = AFURLRequestSerialization.m; sourceTree = "<group>"; };
		6014AE1E1BB28CC600DDA034 /* AFURLResponseSerialization.h */ = {isa = PBXFileReference; fileEncoding = 4; lastKnownFileType = sourcecode.c.h; path = AFURLResponseSerialization.h; sourceTree = "<group>"; };
		6014AE1F1BB28CC600DDA034 /* AFURLResponseSerialization.m */ = {isa = PBXFileReference; fileEncoding = 4; lastKnownFileType = sourcecode.c.objc; path = AFURLResponseSerialization.m; sourceTree = "<group>"; };
		6014AE201BB28CC600DDA034 /* AFURLSessionManager.h */ = {isa = PBXFileReference; fileEncoding = 4; lastKnownFileType = sourcecode.c.h; path = AFURLSessionManager.h; sourceTree = "<group>"; };
		6014AE211BB28CC600DDA034 /* AFURLSessionManager.m */ = {isa = PBXFileReference; fileEncoding = 4; lastKnownFileType = sourcecode.c.objc; path = AFURLSessionManager.m; sourceTree = "<group>"; };
		60167BE31B5BD30B00B44EF5 /* CRBeaconEventAggregatorTests.m */ = {isa = PBXFileReference; fileEncoding = 4; lastKnownFileType = sourcecode.c.objc; path = CRBeaconEventAggregatorTests.m; sourceTree = "<group>"; };
		6036C8A31B1732B800D4CA87 /* CREventCoordinator.h */ = {isa = PBXFileReference; fileEncoding = 4; lastKnownFileType = sourcecode.c.h; path = CREventCoordinator.h; sourceTree = "<group>"; };
		6036C8A41B1732B800D4CA87 /* CREventCoordinator.m */ = {isa = PBXFileReference; fileEncoding = 4; lastKnownFileType = sourcecode.c.objc; path = CREventCoordinator.m; sourceTree = "<group>"; };
		6036C8A71B17346B00D4CA87 /* CREventCoordinatorTests.m */ = {isa = PBXFileReference; fileEncoding = 4; lastKnownFileType = sourcecode.c.objc; path = CREventCoordinatorTests.m; sourceTree = "<group>"; };
		6036C8A91B174AC900D4CA87 /* CREventStorage+Filter.h */ = {isa = PBXFileReference; fileEncoding = 4; lastKnownFileType = sourcecode.c.h; path = "CREventStorage+Filter.h"; sourceTree = "<group>"; };
		6036C8AA1B174AC900D4CA87 /* CREventStorage+Filter.m */ = {isa = PBXFileReference; fileEncoding = 4; lastKnownFileType = sourcecode.c.objc; path = "CREventStorage+Filter.m"; sourceTree = "<group>"; };
		603780F01B51E7A7006EB2D4 /* CRSingleFileStorage_Internal.h */ = {isa = PBXFileReference; lastKnownFileType = sourcecode.c.h; path = CRSingleFileStorage_Internal.h; sourceTree = "<group>"; };
		603CC7981B1492B40077A48C /* CRBeaconManagerTests.m */ = {isa = PBXFileReference; fileEncoding = 4; lastKnownFileType = sourcecode.c.objc; path = CRBeaconManagerTests.m; sourceTree = "<group>"; };
		603CC7E21B14BF8C0077A48C /* CRBeaconCache.h */ = {isa = PBXFileReference; fileEncoding = 4; lastKnownFileType = sourcecode.c.h; path = CRBeaconCache.h; sourceTree = "<group>"; };
		603CC7E31B14BF8C0077A48C /* CRBeaconCache.m */ = {isa = PBXFileReference; fileEncoding = 4; lastKnownFileType = sourcecode.c.objc; path = CRBeaconCache.m; sourceTree = "<group>"; };
		604225E31B1F792500115CD0 /* CREvent_Internal.h */ = {isa = PBXFileReference; fileEncoding = 4; lastKnownFileType = sourcecode.c.h; path = CREvent_Internal.h; sourceTree = "<group>"; };
		604601B41B15AF4C00F32E80 /* CREventStorage.h */ = {isa = PBXFileReference; fileEncoding = 4; lastKnownFileType = sourcecode.c.h; path = CREventStorage.h; sourceTree = "<group>"; };
		604601B51B15AF4C00F32E80 /* CREventStorage.m */ = {isa = PBXFileReference; fileEncoding = 4; lastKnownFileType = sourcecode.c.objc; path = CREventStorage.m; sourceTree = "<group>"; };
		6051C16B1B512A5800F5D443 /* CRPersistentRequestQueue.h */ = {isa = PBXFileReference; fileEncoding = 4; lastKnownFileType = sourcecode.c.h; path = CRPersistentRequestQueue.h; sourceTree = "<group>"; };
		6051C16C1B512A5800F5D443 /* CRPersistentRequestQueue.m */ = {isa = PBXFileReference; fileEncoding = 4; lastKnownFileType = sourcecode.c.objc; path = CRPersistentRequestQueue.m; sourceTree = "<group>"; };
		6061DA631B111AF5002DC83B /* CarrotSDK.framework */ = {isa = PBXFileReference; explicitFileType = wrapper.framework; includeInIndex = 0; path = CarrotSDK.framework; sourceTree = BUILT_PRODUCTS_DIR; };
		6061DA671B111AF5002DC83B /* Info.plist */ = {isa = PBXFileReference; lastKnownFileType = text.plist.xml; path = Info.plist; sourceTree = "<group>"; };
		6061DA681B111AF5002DC83B /* CarrotSDK.h */ = {isa = PBXFileReference; lastKnownFileType = sourcecode.c.h; path = CarrotSDK.h; sourceTree = "<group>"; };
		6061DA6E1B111AF5002DC83B /* CarrotSDKTests.xctest */ = {isa = PBXFileReference; explicitFileType = wrapper.cfbundle; includeInIndex = 0; path = CarrotSDKTests.xctest; sourceTree = BUILT_PRODUCTS_DIR; };
		6061DA741B111AF5002DC83B /* Info.plist */ = {isa = PBXFileReference; lastKnownFileType = text.plist.xml; path = Info.plist; sourceTree = "<group>"; };
		6061DA821B111D21002DC83B /* CRBeaconManager.h */ = {isa = PBXFileReference; fileEncoding = 4; lastKnownFileType = sourcecode.c.h; path = CRBeaconManager.h; sourceTree = "<group>"; };
		6061DA831B111D21002DC83B /* CRBeaconManager.m */ = {isa = PBXFileReference; fileEncoding = 4; lastKnownFileType = sourcecode.c.objc; path = CRBeaconManager.m; sourceTree = "<group>"; };
		6061DA8A1B111D95002DC83B /* CRSyncManager.h */ = {isa = PBXFileReference; fileEncoding = 4; lastKnownFileType = sourcecode.c.h; path = CRSyncManager.h; sourceTree = "<group>"; };
		6061DA8B1B111D95002DC83B /* CRSyncManager.m */ = {isa = PBXFileReference; fileEncoding = 4; lastKnownFileType = sourcecode.c.objc; path = CRSyncManager.m; sourceTree = "<group>"; };
		6061DA8E1B111DB3002DC83B /* CRBeacon.h */ = {isa = PBXFileReference; fileEncoding = 4; lastKnownFileType = sourcecode.c.h; path = CRBeacon.h; sourceTree = "<group>"; };
		6061DA8F1B111DB3002DC83B /* CRBeacon.m */ = {isa = PBXFileReference; fileEncoding = 4; lastKnownFileType = sourcecode.c.objc; path = CRBeacon.m; sourceTree = "<group>"; };
		6061DA921B111E61002DC83B /* CoreLocation.framework */ = {isa = PBXFileReference; lastKnownFileType = wrapper.framework; name = CoreLocation.framework; path = System/Library/Frameworks/CoreLocation.framework; sourceTree = SDKROOT; };
		606F0B261B1CC0C000E28436 /* CRAnalyticsProvider.h */ = {isa = PBXFileReference; fileEncoding = 4; lastKnownFileType = sourcecode.c.h; path = CRAnalyticsProvider.h; sourceTree = "<group>"; };
		606F0B271B1CC0C000E28436 /* CRAnalyticsProvider.m */ = {isa = PBXFileReference; fileEncoding = 4; lastKnownFileType = sourcecode.c.objc; path = CRAnalyticsProvider.m; sourceTree = "<group>"; };
		6099F30B1B315B8B00FE23A8 /* CRBeacon_Internal.h */ = {isa = PBXFileReference; fileEncoding = 4; lastKnownFileType = sourcecode.c.h; path = CRBeacon_Internal.h; sourceTree = "<group>"; };
		60A917701B5920C000BA57FE /* NSDate+ISO.h */ = {isa = PBXFileReference; fileEncoding = 4; lastKnownFileType = sourcecode.c.h; path = "NSDate+ISO.h"; sourceTree = "<group>"; };
		60A917711B5920C000BA57FE /* NSDate+ISO.m */ = {isa = PBXFileReference; fileEncoding = 4; lastKnownFileType = sourcecode.c.objc; path = "NSDate+ISO.m"; sourceTree = "<group>"; };
		60AC5ED61B1DFC2A00957B9C /* AFNetworkActivityIndicatorManager.h */ = {isa = PBXFileReference; fileEncoding = 4; lastKnownFileType = sourcecode.c.h; path = AFNetworkActivityIndicatorManager.h; sourceTree = "<group>"; };
		60AC5ED71B1DFC2A00957B9C /* AFNetworkActivityIndicatorManager.m */ = {isa = PBXFileReference; fileEncoding = 4; lastKnownFileType = sourcecode.c.objc; path = AFNetworkActivityIndicatorManager.m; sourceTree = "<group>"; };
		60AC5ED81B1DFC2A00957B9C /* UIActivityIndicatorView+AFNetworking.h */ = {isa = PBXFileReference; fileEncoding = 4; lastKnownFileType = sourcecode.c.h; path = "UIActivityIndicatorView+AFNetworking.h"; sourceTree = "<group>"; };
		60AC5ED91B1DFC2A00957B9C /* UIActivityIndicatorView+AFNetworking.m */ = {isa = PBXFileReference; fileEncoding = 4; lastKnownFileType = sourcecode.c.objc; path = "UIActivityIndicatorView+AFNetworking.m"; sourceTree = "<group>"; };
		60AC5EDA1B1DFC2A00957B9C /* UIAlertView+AFNetworking.h */ = {isa = PBXFileReference; fileEncoding = 4; lastKnownFileType = sourcecode.c.h; path = "UIAlertView+AFNetworking.h"; sourceTree = "<group>"; };
		60AC5EDB1B1DFC2A00957B9C /* UIAlertView+AFNetworking.m */ = {isa = PBXFileReference; fileEncoding = 4; lastKnownFileType = sourcecode.c.objc; path = "UIAlertView+AFNetworking.m"; sourceTree = "<group>"; };
		60AC5EDC1B1DFC2A00957B9C /* UIButton+AFNetworking.h */ = {isa = PBXFileReference; fileEncoding = 4; lastKnownFileType = sourcecode.c.h; path = "UIButton+AFNetworking.h"; sourceTree = "<group>"; };
		60AC5EDD1B1DFC2A00957B9C /* UIButton+AFNetworking.m */ = {isa = PBXFileReference; fileEncoding = 4; lastKnownFileType = sourcecode.c.objc; path = "UIButton+AFNetworking.m"; sourceTree = "<group>"; };
		60AC5EDE1B1DFC2A00957B9C /* UIImageView+AFNetworking.h */ = {isa = PBXFileReference; fileEncoding = 4; lastKnownFileType = sourcecode.c.h; path = "UIImageView+AFNetworking.h"; sourceTree = "<group>"; };
		60AC5EDF1B1DFC2A00957B9C /* UIImageView+AFNetworking.m */ = {isa = PBXFileReference; fileEncoding = 4; lastKnownFileType = sourcecode.c.objc; path = "UIImageView+AFNetworking.m"; sourceTree = "<group>"; };
		60AC5EE01B1DFC2A00957B9C /* UIKit+AFNetworking.h */ = {isa = PBXFileReference; fileEncoding = 4; lastKnownFileType = sourcecode.c.h; path = "UIKit+AFNetworking.h"; sourceTree = "<group>"; };
		60AC5EE11B1DFC2A00957B9C /* UIProgressView+AFNetworking.h */ = {isa = PBXFileReference; fileEncoding = 4; lastKnownFileType = sourcecode.c.h; path = "UIProgressView+AFNetworking.h"; sourceTree = "<group>"; };
		60AC5EE21B1DFC2A00957B9C /* UIProgressView+AFNetworking.m */ = {isa = PBXFileReference; fileEncoding = 4; lastKnownFileType = sourcecode.c.objc; path = "UIProgressView+AFNetworking.m"; sourceTree = "<group>"; };
		60AC5EE31B1DFC2A00957B9C /* UIRefreshControl+AFNetworking.h */ = {isa = PBXFileReference; fileEncoding = 4; lastKnownFileType = sourcecode.c.h; path = "UIRefreshControl+AFNetworking.h"; sourceTree = "<group>"; };
		60AC5EE41B1DFC2A00957B9C /* UIRefreshControl+AFNetworking.m */ = {isa = PBXFileReference; fileEncoding = 4; lastKnownFileType = sourcecode.c.objc; path = "UIRefreshControl+AFNetworking.m"; sourceTree = "<group>"; };
		60AC5EE51B1DFC2A00957B9C /* UIWebView+AFNetworking.h */ = {isa = PBXFileReference; fileEncoding = 4; lastKnownFileType = sourcecode.c.h; path = "UIWebView+AFNetworking.h"; sourceTree = "<group>"; };
		60AC5EE61B1DFC2A00957B9C /* UIWebView+AFNetworking.m */ = {isa = PBXFileReference; fileEncoding = 4; lastKnownFileType = sourcecode.c.objc; path = "UIWebView+AFNetworking.m"; sourceTree = "<group>"; };
		60C8BAD51B132A5B009024F8 /* CRNotificationEvent.h */ = {isa = PBXFileReference; fileEncoding = 4; lastKnownFileType = sourcecode.c.h; path = CRNotificationEvent.h; sourceTree = "<group>"; };
		60C8BAD61B132A5B009024F8 /* CRNotificationEvent.m */ = {isa = PBXFileReference; fileEncoding = 4; lastKnownFileType = sourcecode.c.objc; path = CRNotificationEvent.m; sourceTree = "<group>"; };
		60CC3B021B15FC3700229A55 /* CoreBluetooth.framework */ = {isa = PBXFileReference; lastKnownFileType = wrapper.framework; name = CoreBluetooth.framework; path = System/Library/Frameworks/CoreBluetooth.framework; sourceTree = SDKROOT; };
		60CC3B061B15FFA600229A55 /* CRBeaconManagerEnums.h */ = {isa = PBXFileReference; lastKnownFileType = sourcecode.c.h; path = CRBeaconManagerEnums.h; sourceTree = "<group>"; };
		60CC3B081B1622B200229A55 /* CREventStorageTest.m */ = {isa = PBXFileReference; fileEncoding = 4; lastKnownFileType = sourcecode.c.objc; path = CREventStorageTest.m; sourceTree = "<group>"; };
		60CF25B91B1456E30069053A /* CRBeaconTests.m */ = {isa = PBXFileReference; fileEncoding = 4; lastKnownFileType = sourcecode.c.objc; path = CRBeaconTests.m; sourceTree = "<group>"; };
		60DCFA4A1B5A5A4000AD1FB4 /* CRBeaconEventAggregator.h */ = {isa = PBXFileReference; fileEncoding = 4; lastKnownFileType = sourcecode.c.h; path = CRBeaconEventAggregator.h; sourceTree = "<group>"; };
		60DCFA4B1B5A5A4000AD1FB4 /* CRBeaconEventAggregator.m */ = {isa = PBXFileReference; fileEncoding = 4; lastKnownFileType = sourcecode.c.objc; path = CRBeaconEventAggregator.m; sourceTree = "<group>"; };
/* End PBXFileReference section */

/* Begin PBXFrameworksBuildPhase section */
		601355D91C1DE9590068EA47 /* Frameworks */ = {
			isa = PBXFrameworksBuildPhase;
			buildActionMask = 2147483647;
			files = (
				601355E61C1DE9DC0068EA47 /* CoreLocation.framework in Frameworks */,
				601355E51C1DE9D20068EA47 /* CoreBluetooth.framework in Frameworks */,
			);
			runOnlyForDeploymentPostprocessing = 0;
		};
		6061DA5F1B111AF5002DC83B /* Frameworks */ = {
			isa = PBXFrameworksBuildPhase;
			buildActionMask = 2147483647;
			files = (
				60CC3B031B15FC3700229A55 /* CoreBluetooth.framework in Frameworks */,
				6061DA931B111E61002DC83B /* CoreLocation.framework in Frameworks */,
			);
			runOnlyForDeploymentPostprocessing = 0;
		};
		6061DA6B1B111AF5002DC83B /* Frameworks */ = {
			isa = PBXFrameworksBuildPhase;
			buildActionMask = 2147483647;
			files = (
				6061DA6F1B111AF5002DC83B /* CarrotSDK.framework in Frameworks */,
				60053CE51B16FE8C00A9FA03 /* libOCMock.a in Frameworks */,
			);
			runOnlyForDeploymentPostprocessing = 0;
		};
/* End PBXFrameworksBuildPhase section */

/* Begin PBXGroup section */
		6009ED391B1144A30090C1A7 /* Model */ = {
			isa = PBXGroup;
			children = (
				6061DA8E1B111DB3002DC83B /* CRBeacon.h */,
				6061DA8F1B111DB3002DC83B /* CRBeacon.m */,
				6099F30B1B315B8B00FE23A8 /* CRBeacon_Internal.h */,
				6009ED3A1B1144B00090C1A7 /* CREvent.h */,
				6009ED3B1B1144B00090C1A7 /* CREvent.m */,
				604225E31B1F792500115CD0 /* CREvent_Internal.h */,
				6009ED3E1B11451E0090C1A7 /* CRTextEvent.h */,
				6009ED3F1B11451E0090C1A7 /* CRTextEvent.m */,
				60C8BAD51B132A5B009024F8 /* CRNotificationEvent.h */,
				60C8BAD61B132A5B009024F8 /* CRNotificationEvent.m */,
			);
			name = Model;
			sourceTree = "<group>";
		};
		6014AE0E1BB28CC600DDA034 /* AFNetworking */ = {
			isa = PBXGroup;
			children = (
				6014AE0F1BB28CC600DDA034 /* AFHTTPRequestOperation.h */,
				6014AE101BB28CC600DDA034 /* AFHTTPRequestOperation.m */,
				6014AE111BB28CC600DDA034 /* AFHTTPRequestOperationManager.h */,
				6014AE121BB28CC600DDA034 /* AFHTTPRequestOperationManager.m */,
				6014AE131BB28CC600DDA034 /* AFHTTPSessionManager.h */,
				6014AE141BB28CC600DDA034 /* AFHTTPSessionManager.m */,
				6014AE151BB28CC600DDA034 /* AFNetworking.h */,
				6014AE161BB28CC600DDA034 /* AFNetworkReachabilityManager.h */,
				6014AE171BB28CC600DDA034 /* AFNetworkReachabilityManager.m */,
				6014AE181BB28CC600DDA034 /* AFSecurityPolicy.h */,
				6014AE191BB28CC600DDA034 /* AFSecurityPolicy.m */,
				6014AE1A1BB28CC600DDA034 /* AFURLConnectionOperation.h */,
				6014AE1B1BB28CC600DDA034 /* AFURLConnectionOperation.m */,
				6014AE1C1BB28CC600DDA034 /* AFURLRequestSerialization.h */,
				6014AE1D1BB28CC600DDA034 /* AFURLRequestSerialization.m */,
				6014AE1E1BB28CC600DDA034 /* AFURLResponseSerialization.h */,
				6014AE1F1BB28CC600DDA034 /* AFURLResponseSerialization.m */,
				6014AE201BB28CC600DDA034 /* AFURLSessionManager.h */,
				6014AE211BB28CC600DDA034 /* AFURLSessionManager.m */,
			);
			name = AFNetworking;
			path = Vendor/AFNetworking/AFNetworking;
			sourceTree = "<group>";
		};
		60374FC31B171EDD0053ADEC /* Core */ = {
			isa = PBXGroup;
			children = (
				603CC7981B1492B40077A48C /* CRBeaconManagerTests.m */,
				60053CDB1B16F95900A9FA03 /* CRBeaconCacheTests.m */,
				6036C8A71B17346B00D4CA87 /* CREventCoordinatorTests.m */,
			);
			name = Core;
			sourceTree = "<group>";
		};
		60374FC41B171EEB0053ADEC /* Persistence */ = {
			isa = PBXGroup;
			children = (
				60CF25B91B1456E30069053A /* CRBeaconTests.m */,
				60053CE61B17183F00A9FA03 /* CREventTests.m */,
				60CC3B081B1622B200229A55 /* CREventStorageTest.m */,
				6002B0E11B1277C700459AAC /* CRSingleFileStorageTests.m */,
				60167BE31B5BD30B00B44EF5 /* CRBeaconEventAggregatorTests.m */,
			);
			name = Persistence;
			sourceTree = "<group>";
		};
		604601B31B15AF0D00F32E80 /* Storage */ = {
			isa = PBXGroup;
			children = (
				6002B0D91B126D8000459AAC /* CRSingleFileStorage.h */,
				6002B0DA1B126D8000459AAC /* CRSingleFileStorage.m */,
				603780F01B51E7A7006EB2D4 /* CRSingleFileStorage_Internal.h */,
				60DCFA4A1B5A5A4000AD1FB4 /* CRBeaconEventAggregator.h */,
				60DCFA4B1B5A5A4000AD1FB4 /* CRBeaconEventAggregator.m */,
				6002B0DD1B12768D00459AAC /* CRBeaconStorage.h */,
				6002B0DE1B12768D00459AAC /* CRBeaconStorage.m */,
				604601B41B15AF4C00F32E80 /* CREventStorage.h */,
				604601B51B15AF4C00F32E80 /* CREventStorage.m */,
				6036C8A91B174AC900D4CA87 /* CREventStorage+Filter.h */,
				6036C8AA1B174AC900D4CA87 /* CREventStorage+Filter.m */,
			);
			name = Storage;
			sourceTree = "<group>";
		};
		6051C16F1B512C0200F5D443 /* Requests */ = {
			isa = PBXGroup;
			children = (
				6051C16B1B512A5800F5D443 /* CRPersistentRequestQueue.h */,
				6051C16C1B512A5800F5D443 /* CRPersistentRequestQueue.m */,
			);
			name = Requests;
			sourceTree = "<group>";
		};
		6061DA591B111AF5002DC83B = {
			isa = PBXGroup;
			children = (
				6061DA651B111AF5002DC83B /* Source */,
				6061DA721B111AF5002DC83B /* Tests */,
				6061DA641B111AF5002DC83B /* Products */,
				6061DA941B111E71002DC83B /* Vendor */,
			);
			sourceTree = "<group>";
		};
		6061DA641B111AF5002DC83B /* Products */ = {
			isa = PBXGroup;
			children = (
				6061DA631B111AF5002DC83B /* CarrotSDK.framework */,
				6061DA6E1B111AF5002DC83B /* CarrotSDKTests.xctest */,
				601355DC1C1DE9590068EA47 /* libCarrotSDKStatic.a */,
			);
			name = Products;
			sourceTree = "<group>";
		};
		6061DA651B111AF5002DC83B /* Source */ = {
			isa = PBXGroup;
			children = (
				6061DA681B111AF5002DC83B /* CarrotSDK.h */,
				6061DA811B111CB8002DC83B /* Common */,
				6061DA801B111CAD002DC83B /* Persistence */,
				6061DA7F1B111CA5002DC83B /* Network */,
				60A9176F1B59209B00BA57FE /* Utils */,
				6061DA661B111AF5002DC83B /* Supporting Files */,
			);
			path = Source;
			sourceTree = "<group>";
		};
		6061DA661B111AF5002DC83B /* Supporting Files */ = {
			isa = PBXGroup;
			children = (
				6061DA671B111AF5002DC83B /* Info.plist */,
			);
			name = "Supporting Files";
			sourceTree = "<group>";
		};
		6061DA721B111AF5002DC83B /* Tests */ = {
			isa = PBXGroup;
			children = (
				60374FC31B171EDD0053ADEC /* Core */,
				60374FC41B171EEB0053ADEC /* Persistence */,
				6061DA731B111AF5002DC83B /* Supporting Files */,
			);
			path = Tests;
			sourceTree = "<group>";
		};
		6061DA731B111AF5002DC83B /* Supporting Files */ = {
			isa = PBXGroup;
			children = (
				6061DA741B111AF5002DC83B /* Info.plist */,
			);
			name = "Supporting Files";
			sourceTree = "<group>";
		};
		6061DA7F1B111CA5002DC83B /* Network */ = {
			isa = PBXGroup;
			children = (
				6051C16F1B512C0200F5D443 /* Requests */,
				6061DA8A1B111D95002DC83B /* CRSyncManager.h */,
				6061DA8B1B111D95002DC83B /* CRSyncManager.m */,
				606F0B261B1CC0C000E28436 /* CRAnalyticsProvider.h */,
				606F0B271B1CC0C000E28436 /* CRAnalyticsProvider.m */,
			);
			name = Network;
			sourceTree = "<group>";
		};
		6061DA801B111CAD002DC83B /* Persistence */ = {
			isa = PBXGroup;
			children = (
				604601B31B15AF0D00F32E80 /* Storage */,
				6009ED391B1144A30090C1A7 /* Model */,
			);
			name = Persistence;
			sourceTree = "<group>";
		};
		6061DA811B111CB8002DC83B /* Common */ = {
			isa = PBXGroup;
			children = (
				608491E81B150DDD008CBF49 /* Caching */,
				6009ED311B1139EC0090C1A7 /* CRDefines.h */,
				6009ED351B1142A50090C1A7 /* CRBeaconManagerDelegate.h */,
				60CC3B061B15FFA600229A55 /* CRBeaconManagerEnums.h */,
				6061DA821B111D21002DC83B /* CRBeaconManager.h */,
				6061DA831B111D21002DC83B /* CRBeaconManager.m */,
				6036C8A31B1732B800D4CA87 /* CREventCoordinator.h */,
				6036C8A41B1732B800D4CA87 /* CREventCoordinator.m */,
			);
			name = Common;
			sourceTree = "<group>";
		};
		6061DA941B111E71002DC83B /* Vendor */ = {
			isa = PBXGroup;
			children = (
				6014AE0E1BB28CC600DDA034 /* AFNetworking */,
				60AC5ED51B1DFC2A00957B9C /* UIKit+AFNetworking */,
				60053CE41B16FE8C00A9FA03 /* libOCMock.a */,
				60CC3B021B15FC3700229A55 /* CoreBluetooth.framework */,
				6061DA921B111E61002DC83B /* CoreLocation.framework */,
			);
			name = Vendor;
			sourceTree = "<group>";
		};
		608491E81B150DDD008CBF49 /* Caching */ = {
			isa = PBXGroup;
			children = (
				603CC7E21B14BF8C0077A48C /* CRBeaconCache.h */,
				603CC7E31B14BF8C0077A48C /* CRBeaconCache.m */,
			);
			name = Caching;
			sourceTree = "<group>";
		};
		60A9176F1B59209B00BA57FE /* Utils */ = {
			isa = PBXGroup;
			children = (
				60A917701B5920C000BA57FE /* NSDate+ISO.h */,
				60A917711B5920C000BA57FE /* NSDate+ISO.m */,
			);
			name = Utils;
			sourceTree = "<group>";
		};
		60AC5ED51B1DFC2A00957B9C /* UIKit+AFNetworking */ = {
			isa = PBXGroup;
			children = (
				60AC5ED61B1DFC2A00957B9C /* AFNetworkActivityIndicatorManager.h */,
				60AC5ED71B1DFC2A00957B9C /* AFNetworkActivityIndicatorManager.m */,
				60AC5ED81B1DFC2A00957B9C /* UIActivityIndicatorView+AFNetworking.h */,
				60AC5ED91B1DFC2A00957B9C /* UIActivityIndicatorView+AFNetworking.m */,
				60AC5EDA1B1DFC2A00957B9C /* UIAlertView+AFNetworking.h */,
				60AC5EDB1B1DFC2A00957B9C /* UIAlertView+AFNetworking.m */,
				60AC5EDC1B1DFC2A00957B9C /* UIButton+AFNetworking.h */,
				60AC5EDD1B1DFC2A00957B9C /* UIButton+AFNetworking.m */,
				60AC5EDE1B1DFC2A00957B9C /* UIImageView+AFNetworking.h */,
				60AC5EDF1B1DFC2A00957B9C /* UIImageView+AFNetworking.m */,
				60AC5EE01B1DFC2A00957B9C /* UIKit+AFNetworking.h */,
				60AC5EE11B1DFC2A00957B9C /* UIProgressView+AFNetworking.h */,
				60AC5EE21B1DFC2A00957B9C /* UIProgressView+AFNetworking.m */,
				60AC5EE31B1DFC2A00957B9C /* UIRefreshControl+AFNetworking.h */,
				60AC5EE41B1DFC2A00957B9C /* UIRefreshControl+AFNetworking.m */,
				60AC5EE51B1DFC2A00957B9C /* UIWebView+AFNetworking.h */,
				60AC5EE61B1DFC2A00957B9C /* UIWebView+AFNetworking.m */,
			);
			name = "UIKit+AFNetworking";
			path = "Vendor/AFNetworking/UIKit+AFNetworking";
			sourceTree = "<group>";
		};
/* End PBXGroup section */

/* Begin PBXHeadersBuildPhase section */
		6061DA601B111AF5002DC83B /* Headers */ = {
			isa = PBXHeadersBuildPhase;
			buildActionMask = 2147483647;
			files = (
				6014AE2F1BB28CC600DDA034 /* AFURLRequestSerialization.h in Headers */,
				604225E41B1F792500115CD0 /* CREvent_Internal.h in Headers */,
				6009ED331B1139EC0090C1A7 /* CRDefines.h in Headers */,
				60DCFA4C1B5A5A4000AD1FB4 /* CRBeaconEventAggregator.h in Headers */,
				6002B0DF1B12768D00459AAC /* CRBeaconStorage.h in Headers */,
				60A917721B5920C000BA57FE /* NSDate+ISO.h in Headers */,
				60AC5EEF1B1DFC2A00957B9C /* UIImageView+AFNetworking.h in Headers */,
				60AC5EF41B1DFC2A00957B9C /* UIRefreshControl+AFNetworking.h in Headers */,
				603CC7E41B14BF8C0077A48C /* CRBeaconCache.h in Headers */,
				6014AE311BB28CC600DDA034 /* AFURLResponseSerialization.h in Headers */,
				6014AE2B1BB28CC600DDA034 /* AFSecurityPolicy.h in Headers */,
				6099F30C1B315B8B00FE23A8 /* CRBeacon_Internal.h in Headers */,
				6014AE291BB28CC600DDA034 /* AFNetworkReachabilityManager.h in Headers */,
				6014AE2D1BB28CC600DDA034 /* AFURLConnectionOperation.h in Headers */,
				60C8BAD71B132A5B009024F8 /* CRNotificationEvent.h in Headers */,
				6009ED371B1142A50090C1A7 /* CRBeaconManagerDelegate.h in Headers */,
				6036C8A51B1732B800D4CA87 /* CREventCoordinator.h in Headers */,
				606F0B281B1CC0C000E28436 /* CRAnalyticsProvider.h in Headers */,
				6009ED401B11451E0090C1A7 /* CRTextEvent.h in Headers */,
				6014AE281BB28CC600DDA034 /* AFNetworking.h in Headers */,
				60AC5EF21B1DFC2A00957B9C /* UIProgressView+AFNetworking.h in Headers */,
				6014AE221BB28CC600DDA034 /* AFHTTPRequestOperation.h in Headers */,
				6009ED3C1B1144B00090C1A7 /* CREvent.h in Headers */,
				60CC3B071B15FFEF00229A55 /* CRBeaconManagerEnums.h in Headers */,
				6002B0DB1B126D8000459AAC /* CRSingleFileStorage.h in Headers */,
				60AC5EF61B1DFC2A00957B9C /* UIWebView+AFNetworking.h in Headers */,
				60AC5EE91B1DFC2A00957B9C /* UIActivityIndicatorView+AFNetworking.h in Headers */,
				6036C8AB1B174AC900D4CA87 /* CREventStorage+Filter.h in Headers */,
				6051C16D1B512A5800F5D443 /* CRPersistentRequestQueue.h in Headers */,
				6014AE241BB28CC600DDA034 /* AFHTTPRequestOperationManager.h in Headers */,
				6061DA841B111D21002DC83B /* CRBeaconManager.h in Headers */,
				6061DA901B111DB3002DC83B /* CRBeacon.h in Headers */,
				6014AE331BB28CC600DDA034 /* AFURLSessionManager.h in Headers */,
				6061DA691B111AF5002DC83B /* CarrotSDK.h in Headers */,
				604601B61B15AF4C00F32E80 /* CREventStorage.h in Headers */,
				60AC5EE71B1DFC2A00957B9C /* AFNetworkActivityIndicatorManager.h in Headers */,
				6061DA8C1B111D95002DC83B /* CRSyncManager.h in Headers */,
				6014AE261BB28CC600DDA034 /* AFHTTPSessionManager.h in Headers */,
				60AC5EED1B1DFC2A00957B9C /* UIButton+AFNetworking.h in Headers */,
				60AC5EF11B1DFC2A00957B9C /* UIKit+AFNetworking.h in Headers */,
				60AC5EEB1B1DFC2A00957B9C /* UIAlertView+AFNetworking.h in Headers */,
			);
			runOnlyForDeploymentPostprocessing = 0;
		};
/* End PBXHeadersBuildPhase section */

/* Begin PBXNativeTarget section */
		601355DB1C1DE9590068EA47 /* CarrotSDKStatic */ = {
			isa = PBXNativeTarget;
			buildConfigurationList = 601355E41C1DE9590068EA47 /* Build configuration list for PBXNativeTarget "CarrotSDKStatic" */;
			buildPhases = (
				601355D81C1DE9590068EA47 /* Sources */,
				601355D91C1DE9590068EA47 /* Frameworks */,
				601355DA1C1DE9590068EA47 /* CopyFiles */,
				EC230EE11C29628D005B5BC9 /* ShellScript */,
			);
			buildRules = (
			);
			dependencies = (
			);
			name = CarrotSDKStatic;
			productName = CarrotSDKStatic;
			productReference = 601355DC1C1DE9590068EA47 /* libCarrotSDKStatic.a */;
			productType = "com.apple.product-type.library.static";
		};
		6061DA621B111AF5002DC83B /* CarrotSDK */ = {
			isa = PBXNativeTarget;
			buildConfigurationList = 6061DA791B111AF5002DC83B /* Build configuration list for PBXNativeTarget "CarrotSDK" */;
			buildPhases = (
				6061DA5E1B111AF5002DC83B /* Sources */,
				6061DA5F1B111AF5002DC83B /* Frameworks */,
				6061DA601B111AF5002DC83B /* Headers */,
				6061DA611B111AF5002DC83B /* Resources */,
			);
			buildRules = (
			);
			dependencies = (
			);
			name = CarrotSDK;
			productName = CarrotSDK;
			productReference = 6061DA631B111AF5002DC83B /* CarrotSDK.framework */;
			productType = "com.apple.product-type.framework";
		};
		6061DA6D1B111AF5002DC83B /* CarrotSDKTests */ = {
			isa = PBXNativeTarget;
			buildConfigurationList = 6061DA7C1B111AF5002DC83B /* Build configuration list for PBXNativeTarget "CarrotSDKTests" */;
			buildPhases = (
				6061DA6A1B111AF5002DC83B /* Sources */,
				6061DA6B1B111AF5002DC83B /* Frameworks */,
				6061DA6C1B111AF5002DC83B /* Resources */,
			);
			buildRules = (
			);
			dependencies = (
				6061DA711B111AF5002DC83B /* PBXTargetDependency */,
			);
			name = CarrotSDKTests;
			productName = CarrotSDKTests;
			productReference = 6061DA6E1B111AF5002DC83B /* CarrotSDKTests.xctest */;
			productType = "com.apple.product-type.bundle.unit-test";
		};
/* End PBXNativeTarget section */

/* Begin PBXProject section */
		6061DA5A1B111AF5002DC83B /* Project object */ = {
			isa = PBXProject;
			attributes = {
				LastUpgradeCheck = 0700;
				ORGANIZATIONNAME = boxedfolder.com;
				TargetAttributes = {
					601355DB1C1DE9590068EA47 = {
						CreatedOnToolsVersion = 7.2;
					};
					6061DA621B111AF5002DC83B = {
						CreatedOnToolsVersion = 6.3.2;
					};
					6061DA6D1B111AF5002DC83B = {
						CreatedOnToolsVersion = 6.3.2;
					};
				};
			};
			buildConfigurationList = 6061DA5D1B111AF5002DC83B /* Build configuration list for PBXProject "CarrotSDK" */;
			compatibilityVersion = "Xcode 3.2";
			developmentRegion = English;
			hasScannedForEncodings = 0;
			knownRegions = (
				en,
			);
			mainGroup = 6061DA591B111AF5002DC83B;
			productRefGroup = 6061DA641B111AF5002DC83B /* Products */;
			projectDirPath = "";
			projectRoot = "";
			targets = (
				6061DA621B111AF5002DC83B /* CarrotSDK */,
				6061DA6D1B111AF5002DC83B /* CarrotSDKTests */,
				601355DB1C1DE9590068EA47 /* CarrotSDKStatic */,
			);
		};
/* End PBXProject section */

/* Begin PBXResourcesBuildPhase section */
		6061DA611B111AF5002DC83B /* Resources */ = {
			isa = PBXResourcesBuildPhase;
			buildActionMask = 2147483647;
			files = (
			);
			runOnlyForDeploymentPostprocessing = 0;
		};
		6061DA6C1B111AF5002DC83B /* Resources */ = {
			isa = PBXResourcesBuildPhase;
			buildActionMask = 2147483647;
			files = (
			);
			runOnlyForDeploymentPostprocessing = 0;
		};
/* End PBXResourcesBuildPhase section */

/* Begin PBXShellScriptBuildPhase section */
		EC230EE11C29628D005B5BC9 /* ShellScript */ = {
			isa = PBXShellScriptBuildPhase;
			buildActionMask = 2147483647;
			files = (
			);
			inputPaths = (
			);
			outputPaths = (
			);
			runOnlyForDeploymentPostprocessing = 0;
			shellPath = /bin/sh;
			shellScript = "#########################################\n#\n# c.f. http://stackoverflow.com/questions/3520977/build-fat-static-library-device-simulator-using-xcode-and-sdk-4\n#\n# Version 2.7\n#\n# Latest Change:\n# - Supports iPhone 5 / iPod Touch 5 (uses Apple's workaround to lipo bug)\n#\n# Purpose:\n#   Automatically create a Universal static library for iPhone + iPad + iPhone Simulator from within XCode\n#\n# Author: Adam Martin - http://twitter.com/redglassesapps\n# Based on: original script from Eonil (main changes: Eonil's script WILL NOT WORK in Xcode GUI - it WILL CRASH YOUR COMPUTER)\n#\n\nset -e\nset -o pipefail\n\n#################[ Tests: helps workaround any future bugs in Xcode ]########\n#\nDEBUG_THIS_SCRIPT=\"false\"\n\nif [ $DEBUG_THIS_SCRIPT = \"true\" ]\nthen\necho \"########### TESTS #############\"\necho \"Use the following variables when debugging this script; note that they may change on recursions\"\necho \"BUILD_DIR = $BUILD_DIR\"\necho \"BUILD_ROOT = $BUILD_ROOT\"\necho \"CONFIGURATION_BUILD_DIR = $CONFIGURATION_BUILD_DIR\"\necho \"BUILT_PRODUCTS_DIR = $BUILT_PRODUCTS_DIR\"\necho \"CONFIGURATION_TEMP_DIR = $CONFIGURATION_TEMP_DIR\"\necho \"TARGET_BUILD_DIR = $TARGET_BUILD_DIR\"\nfi\n\n#####################[ part 1 ]##################\n# First, work out the BASESDK version number (NB: Apple ought to report this, but they hide it)\n#    (incidental: searching for substrings in sh is a nightmare! Sob)\n\nSDK_VERSION=$(echo ${SDK_NAME} | grep -o '.\\{3\\}$')\n\n# Next, work out if we're in SIM or DEVICE\n\nif [ ${PLATFORM_NAME} = \"iphonesimulator\" ]\nthen\nOTHER_SDK_TO_BUILD=iphoneos${SDK_VERSION}\nelse\nOTHER_SDK_TO_BUILD=iphonesimulator${SDK_VERSION}\nfi\n\necho \"XCode has selected SDK: ${PLATFORM_NAME} with version: ${SDK_VERSION} (although back-targetting: ${IPHONEOS_DEPLOYMENT_TARGET})\"\necho \"...therefore, OTHER_SDK_TO_BUILD = ${OTHER_SDK_TO_BUILD}\"\n#\n#####################[ end of part 1 ]##################\n\n#####################[ part 2 ]##################\n#\n# IF this is the original invocation, invoke WHATEVER other builds are required\n#\n# Xcode is already building ONE target...\n#\n# ...but this is a LIBRARY, so Apple is wrong to set it to build just one.\n# ...we need to build ALL targets\n# ...we MUST NOT re-build the target that is ALREADY being built: Xcode WILL CRASH YOUR COMPUTER if you try this (infinite recursion!)\n#\n#\n# So: build ONLY the missing platforms/configurations.\n\nif [ \"true\" == ${ALREADYINVOKED:-false} ]\nthen\necho \"RECURSION: I am NOT the root invocation, so I'm NOT going to recurse\"\nelse\n# CRITICAL:\n# Prevent infinite recursion (Xcode sucks)\nexport ALREADYINVOKED=\"true\"\n\necho \"RECURSION: I am the root ... recursing all missing build targets NOW...\"\necho \"RECURSION: ...about to invoke: xcodebuild -configuration \\\"${CONFIGURATION}\\\" -project \\\"${PROJECT_NAME}.xcodeproj\\\" -target \\\"${TARGET_NAME}\\\" -sdk \\\"${OTHER_SDK_TO_BUILD}\\\" ${ACTION} RUN_CLANG_STATIC_ANALYZER=NO\" BUILD_DIR=\\\"${BUILD_DIR}\\\" BUILD_ROOT=\\\"${BUILD_ROOT}\\\" SYMROOT=\\\"${SYMROOT}\\\"\n\nxcodebuild -configuration \"${CONFIGURATION}\" -project \"${PROJECT_NAME}.xcodeproj\" -target \"${TARGET_NAME}\" -sdk \"${OTHER_SDK_TO_BUILD}\" ${ACTION} RUN_CLANG_STATIC_ANALYZER=NO BUILD_DIR=\"${BUILD_DIR}\" BUILD_ROOT=\"${BUILD_ROOT}\" SYMROOT=\"${SYMROOT}\"\n\nACTION=\"build\"\n\n#Merge all platform binaries as a fat binary for each configurations.\n\n# Calculate where the (multiple) built files are coming from:\nCURRENTCONFIG_DEVICE_DIR=${SYMROOT}/${CONFIGURATION}-iphoneos\nCURRENTCONFIG_SIMULATOR_DIR=${SYMROOT}/${CONFIGURATION}-iphonesimulator\n\necho \"Taking device build from: ${CURRENTCONFIG_DEVICE_DIR}\"\necho \"Taking simulator build from: ${CURRENTCONFIG_SIMULATOR_DIR}\"\n\nCREATING_UNIVERSAL_DIR=${SYMROOT}/${CONFIGURATION}-universal\necho \"...I will output a universal build to: ${CREATING_UNIVERSAL_DIR}\"\n\n# ... remove the products of previous runs of this script\n#      NB: this directory is ONLY created by this script - it should be safe to delete!\n\nrm -rf \"${CREATING_UNIVERSAL_DIR}\"\nmkdir \"${CREATING_UNIVERSAL_DIR}\"\n\n#\necho \"lipo: for current configuration (${CONFIGURATION}) creating output file: ${CREATING_UNIVERSAL_DIR}/${EXECUTABLE_NAME}\"\nxcrun -sdk iphoneos lipo -create -output \"${CREATING_UNIVERSAL_DIR}/${EXECUTABLE_NAME}\" \"${CURRENTCONFIG_DEVICE_DIR}/${EXECUTABLE_NAME}\" \"${CURRENTCONFIG_SIMULATOR_DIR}/${EXECUTABLE_NAME}\"\n\n#########\n#\n# Added: StackOverflow suggestion to also copy \"include\" files\n#    (untested, but should work OK)\n#\necho \"Fetching headers from ${PUBLIC_HEADERS_FOLDER_PATH}\"\necho \"  (if you embed your library project in another project, you will need to add\"\necho \"   a \"User Search Headers\" build setting of: (NB INCLUDE THE DOUBLE QUOTES BELOW!)\"\necho '        \"$(TARGET_BUILD_DIR)/usr/local/include/\"'\nif [ -d \"${CURRENTCONFIG_DEVICE_DIR}${PUBLIC_HEADERS_FOLDER_PATH}\" ]\nthen\nmkdir -p \"${CREATING_UNIVERSAL_DIR}${PUBLIC_HEADERS_FOLDER_PATH}\"\n# * needs to be outside the double quotes?\ncp -r \"${CURRENTCONFIG_DEVICE_DIR}${PUBLIC_HEADERS_FOLDER_PATH}\"* \"${CREATING_UNIVERSAL_DIR}${PUBLIC_HEADERS_FOLDER_PATH}\"\nfi\nfi";
		};
/* End PBXShellScriptBuildPhase section */

/* Begin PBXSourcesBuildPhase section */
		601355D81C1DE9590068EA47 /* Sources */ = {
			isa = PBXSourcesBuildPhase;
			buildActionMask = 2147483647;
			files = (
				601355E71C1DEA2F0068EA47 /* CRBeaconCache.m in Sources */,
				601355E81C1DEA2F0068EA47 /* CRBeaconManager.m in Sources */,
				601355E91C1DEA2F0068EA47 /* CREventCoordinator.m in Sources */,
				601355EA1C1DEA2F0068EA47 /* CRSingleFileStorage.m in Sources */,
				601355EB1C1DEA2F0068EA47 /* CRBeaconEventAggregator.m in Sources */,
				601355EC1C1DEA2F0068EA47 /* CRBeaconStorage.m in Sources */,
				601355ED1C1DEA2F0068EA47 /* CREventStorage.m in Sources */,
				601355EE1C1DEA2F0068EA47 /* CREventStorage+Filter.m in Sources */,
				601355EF1C1DEA2F0068EA47 /* CRBeacon.m in Sources */,
				601355F01C1DEA2F0068EA47 /* CREvent.m in Sources */,
				601355F11C1DEA2F0068EA47 /* CRTextEvent.m in Sources */,
				601355F21C1DEA2F0068EA47 /* CRNotificationEvent.m in Sources */,
				601355F31C1DEA2F0068EA47 /* CRPersistentRequestQueue.m in Sources */,
				601355F41C1DEA2F0068EA47 /* CRSyncManager.m in Sources */,
				601355F51C1DEA2F0068EA47 /* CRAnalyticsProvider.m in Sources */,
				601355F61C1DEA2F0068EA47 /* NSDate+ISO.m in Sources */,
				601355FF1C1DEA2F0068EA47 /* AFHTTPRequestOperation.m in Sources */,
				601356001C1DEA2F0068EA47 /* AFHTTPRequestOperationManager.m in Sources */,
				601356011C1DEA2F0068EA47 /* AFHTTPSessionManager.m in Sources */,
				601356021C1DEA2F0068EA47 /* AFNetworkReachabilityManager.m in Sources */,
				601356031C1DEA2F0068EA47 /* AFSecurityPolicy.m in Sources */,
				601356041C1DEA2F0068EA47 /* AFURLConnectionOperation.m in Sources */,
				601356051C1DEA2F0068EA47 /* AFURLRequestSerialization.m in Sources */,
				601356061C1DEA2F0068EA47 /* AFURLResponseSerialization.m in Sources */,
				601356071C1DEA2F0068EA47 /* AFURLSessionManager.m in Sources */,
				601356081C1DEA2F0068EA47 /* AFNetworkActivityIndicatorManager.m in Sources */,
				601356091C1DEA2F0068EA47 /* UIActivityIndicatorView+AFNetworking.m in Sources */,
				6013560A1C1DEA2F0068EA47 /* UIAlertView+AFNetworking.m in Sources */,
				6013560B1C1DEA2F0068EA47 /* UIButton+AFNetworking.m in Sources */,
				6013560C1C1DEA2F0068EA47 /* UIImageView+AFNetworking.m in Sources */,
				6013560D1C1DEA2F0068EA47 /* UIProgressView+AFNetworking.m in Sources */,
				6013560E1C1DEA2F0068EA47 /* UIRefreshControl+AFNetworking.m in Sources */,
				6013560F1C1DEA2F0068EA47 /* UIWebView+AFNetworking.m in Sources */,
			);
			runOnlyForDeploymentPostprocessing = 0;
		};
		6061DA5E1B111AF5002DC83B /* Sources */ = {
			isa = PBXSourcesBuildPhase;
			buildActionMask = 2147483647;
			files = (
				6014AE301BB28CC600DDA034 /* AFURLRequestSerialization.m in Sources */,
				60AC5EF31B1DFC2A00957B9C /* UIProgressView+AFNetworking.m in Sources */,
				60AC5EF51B1DFC2A00957B9C /* UIRefreshControl+AFNetworking.m in Sources */,
				60AC5EF71B1DFC2A00957B9C /* UIWebView+AFNetworking.m in Sources */,
				6061DA8D1B111D95002DC83B /* CRSyncManager.m in Sources */,
				6014AE2E1BB28CC600DDA034 /* AFURLConnectionOperation.m in Sources */,
				6009ED411B11451E0090C1A7 /* CRTextEvent.m in Sources */,
				606F0B291B1CC0C000E28436 /* CRAnalyticsProvider.m in Sources */,
				6061DA911B111DB3002DC83B /* CRBeacon.m in Sources */,
				60DCFA4D1B5A5A4000AD1FB4 /* CRBeaconEventAggregator.m in Sources */,
				60AC5EEA1B1DFC2A00957B9C /* UIActivityIndicatorView+AFNetworking.m in Sources */,
				6002B0E01B12768D00459AAC /* CRBeaconStorage.m in Sources */,
				6014AE2A1BB28CC600DDA034 /* AFNetworkReachabilityManager.m in Sources */,
				6009ED3D1B1144B00090C1A7 /* CREvent.m in Sources */,
				6036C8A61B1732B800D4CA87 /* CREventCoordinator.m in Sources */,
				6014AE341BB28CC600DDA034 /* AFURLSessionManager.m in Sources */,
				60AC5EE81B1DFC2A00957B9C /* AFNetworkActivityIndicatorManager.m in Sources */,
				603CC7E51B14BF8C0077A48C /* CRBeaconCache.m in Sources */,
				60AC5EF01B1DFC2A00957B9C /* UIImageView+AFNetworking.m in Sources */,
				6051C16E1B512A5800F5D443 /* CRPersistentRequestQueue.m in Sources */,
				6036C8AC1B174AC900D4CA87 /* CREventStorage+Filter.m in Sources */,
				60AC5EEC1B1DFC2A00957B9C /* UIAlertView+AFNetworking.m in Sources */,
				6061DA851B111D21002DC83B /* CRBeaconManager.m in Sources */,
				604601B71B15AF4C00F32E80 /* CREventStorage.m in Sources */,
				6014AE2C1BB28CC600DDA034 /* AFSecurityPolicy.m in Sources */,
				6014AE251BB28CC600DDA034 /* AFHTTPRequestOperationManager.m in Sources */,
				6014AE271BB28CC600DDA034 /* AFHTTPSessionManager.m in Sources */,
				60C8BAD81B132A5B009024F8 /* CRNotificationEvent.m in Sources */,
				60A917731B5920C000BA57FE /* NSDate+ISO.m in Sources */,
				6014AE231BB28CC600DDA034 /* AFHTTPRequestOperation.m in Sources */,
				60AC5EEE1B1DFC2A00957B9C /* UIButton+AFNetworking.m in Sources */,
				6014AE321BB28CC600DDA034 /* AFURLResponseSerialization.m in Sources */,
				6002B0DC1B126D8000459AAC /* CRSingleFileStorage.m in Sources */,
			);
			runOnlyForDeploymentPostprocessing = 0;
		};
		6061DA6A1B111AF5002DC83B /* Sources */ = {
			isa = PBXSourcesBuildPhase;
			buildActionMask = 2147483647;
			files = (
				60053CE71B17183F00A9FA03 /* CREventTests.m in Sources */,
				603CC7991B1492B40077A48C /* CRBeaconManagerTests.m in Sources */,
				6036C8A81B17346B00D4CA87 /* CREventCoordinatorTests.m in Sources */,
				60053CDC1B16F95900A9FA03 /* CRBeaconCacheTests.m in Sources */,
				60CC3B091B1622B200229A55 /* CREventStorageTest.m in Sources */,
				60CF25BA1B1456E30069053A /* CRBeaconTests.m in Sources */,
				60167BE41B5BD30B00B44EF5 /* CRBeaconEventAggregatorTests.m in Sources */,
				6002B0E21B1277C700459AAC /* CRSingleFileStorageTests.m in Sources */,
			);
			runOnlyForDeploymentPostprocessing = 0;
		};
/* End PBXSourcesBuildPhase section */

/* Begin PBXTargetDependency section */
		6061DA711B111AF5002DC83B /* PBXTargetDependency */ = {
			isa = PBXTargetDependency;
			target = 6061DA621B111AF5002DC83B /* CarrotSDK */;
			targetProxy = 6061DA701B111AF5002DC83B /* PBXContainerItemProxy */;
		};
/* End PBXTargetDependency section */

/* Begin XCBuildConfiguration section */
		601355E21C1DE9590068EA47 /* Debug */ = {
			isa = XCBuildConfiguration;
			buildSettings = {
				DEBUG_INFORMATION_FORMAT = dwarf;
				IPHONEOS_DEPLOYMENT_TARGET = 7.0;
				OTHER_LDFLAGS = "-ObjC";
				PRODUCT_NAME = "$(TARGET_NAME)";
				SKIP_INSTALL = YES;
			};
			name = Debug;
		};
		601355E31C1DE9590068EA47 /* Release */ = {
			isa = XCBuildConfiguration;
			buildSettings = {
				IPHONEOS_DEPLOYMENT_TARGET = 7.0;
				OTHER_LDFLAGS = "-ObjC";
				PRODUCT_NAME = "$(TARGET_NAME)";
				SKIP_INSTALL = YES;
			};
			name = Release;
		};
		6061DA771B111AF5002DC83B /* Debug */ = {
			isa = XCBuildConfiguration;
			buildSettings = {
				ALWAYS_SEARCH_USER_PATHS = NO;
				CLANG_CXX_LANGUAGE_STANDARD = "gnu++0x";
				CLANG_CXX_LIBRARY = "libc++";
				CLANG_ENABLE_MODULES = YES;
				CLANG_ENABLE_OBJC_ARC = YES;
				CLANG_WARN_BOOL_CONVERSION = YES;
				CLANG_WARN_CONSTANT_CONVERSION = YES;
				CLANG_WARN_DIRECT_OBJC_ISA_USAGE = YES_ERROR;
				CLANG_WARN_EMPTY_BODY = YES;
				CLANG_WARN_ENUM_CONVERSION = YES;
				CLANG_WARN_INT_CONVERSION = YES;
				CLANG_WARN_OBJC_ROOT_CLASS = YES_ERROR;
				CLANG_WARN_UNREACHABLE_CODE = YES;
				CLANG_WARN__DUPLICATE_METHOD_MATCH = YES;
				"CODE_SIGN_IDENTITY[sdk=iphoneos*]" = "iPhone Developer";
				COPY_PHASE_STRIP = NO;
				CURRENT_PROJECT_VERSION = 1;
				DEBUG_INFORMATION_FORMAT = "dwarf-with-dsym";
				ENABLE_STRICT_OBJC_MSGSEND = YES;
				ENABLE_TESTABILITY = YES;
				GCC_C_LANGUAGE_STANDARD = gnu99;
				GCC_DYNAMIC_NO_PIC = NO;
				GCC_NO_COMMON_BLOCKS = YES;
				GCC_OPTIMIZATION_LEVEL = 0;
				GCC_PREPROCESSOR_DEFINITIONS = (
					"DEBUG=1",
					"$(inherited)",
				);
				GCC_SYMBOLS_PRIVATE_EXTERN = NO;
				GCC_WARN_64_TO_32_BIT_CONVERSION = YES;
				GCC_WARN_ABOUT_RETURN_TYPE = YES_ERROR;
				GCC_WARN_UNDECLARED_SELECTOR = YES;
				GCC_WARN_UNINITIALIZED_AUTOS = YES_AGGRESSIVE;
				GCC_WARN_UNUSED_FUNCTION = YES;
				GCC_WARN_UNUSED_VARIABLE = YES;
				IPHONEOS_DEPLOYMENT_TARGET = 8.3;
				MTL_ENABLE_DEBUG_INFO = YES;
				ONLY_ACTIVE_ARCH = YES;
				SDKROOT = iphoneos;
				TARGETED_DEVICE_FAMILY = "1,2";
				VERSIONING_SYSTEM = "apple-generic";
				VERSION_INFO_PREFIX = "";
			};
			name = Debug;
		};
		6061DA781B111AF5002DC83B /* Release */ = {
			isa = XCBuildConfiguration;
			buildSettings = {
				ALWAYS_SEARCH_USER_PATHS = NO;
				CLANG_CXX_LANGUAGE_STANDARD = "gnu++0x";
				CLANG_CXX_LIBRARY = "libc++";
				CLANG_ENABLE_MODULES = YES;
				CLANG_ENABLE_OBJC_ARC = YES;
				CLANG_WARN_BOOL_CONVERSION = YES;
				CLANG_WARN_CONSTANT_CONVERSION = YES;
				CLANG_WARN_DIRECT_OBJC_ISA_USAGE = YES_ERROR;
				CLANG_WARN_EMPTY_BODY = YES;
				CLANG_WARN_ENUM_CONVERSION = YES;
				CLANG_WARN_INT_CONVERSION = YES;
				CLANG_WARN_OBJC_ROOT_CLASS = YES_ERROR;
				CLANG_WARN_UNREACHABLE_CODE = YES;
				CLANG_WARN__DUPLICATE_METHOD_MATCH = YES;
				"CODE_SIGN_IDENTITY[sdk=iphoneos*]" = "iPhone Developer";
				COPY_PHASE_STRIP = NO;
				CURRENT_PROJECT_VERSION = 1;
				DEBUG_INFORMATION_FORMAT = "dwarf-with-dsym";
				ENABLE_NS_ASSERTIONS = NO;
				ENABLE_STRICT_OBJC_MSGSEND = YES;
				GCC_C_LANGUAGE_STANDARD = gnu99;
				GCC_NO_COMMON_BLOCKS = YES;
				GCC_WARN_64_TO_32_BIT_CONVERSION = YES;
				GCC_WARN_ABOUT_RETURN_TYPE = YES_ERROR;
				GCC_WARN_UNDECLARED_SELECTOR = YES;
				GCC_WARN_UNINITIALIZED_AUTOS = YES_AGGRESSIVE;
				GCC_WARN_UNUSED_FUNCTION = YES;
				GCC_WARN_UNUSED_VARIABLE = YES;
				IPHONEOS_DEPLOYMENT_TARGET = 8.3;
				MTL_ENABLE_DEBUG_INFO = NO;
				SDKROOT = iphoneos;
				TARGETED_DEVICE_FAMILY = "1,2";
				VALIDATE_PRODUCT = YES;
				VERSIONING_SYSTEM = "apple-generic";
				VERSION_INFO_PREFIX = "";
			};
			name = Release;
		};
		6061DA7A1B111AF5002DC83B /* Debug */ = {
			isa = XCBuildConfiguration;
			buildSettings = {
				DEFINES_MODULE = YES;
				DYLIB_COMPATIBILITY_VERSION = 1;
				DYLIB_CURRENT_VERSION = 1;
				DYLIB_INSTALL_NAME_BASE = "@rpath";
				INFOPLIST_FILE = Source/Info.plist;
				INSTALL_PATH = "$(LOCAL_LIBRARY_DIR)/Frameworks";
				IPHONEOS_DEPLOYMENT_TARGET = 8.0;
				LD_RUNPATH_SEARCH_PATHS = "$(inherited) @executable_path/Frameworks @loader_path/Frameworks";
				LIBRARY_SEARCH_PATHS = (
					"$(inherited)",
					"$(PROJECT_DIR)",
					"$(PROJECT_DIR)/Vendor",
				);
				PRODUCT_BUNDLE_IDENTIFIER = "com.boxedfolder.$(PRODUCT_NAME:rfc1034identifier)";
				PRODUCT_NAME = "$(TARGET_NAME)";
				SKIP_INSTALL = YES;
			};
			name = Debug;
		};
		6061DA7B1B111AF5002DC83B /* Release */ = {
			isa = XCBuildConfiguration;
			buildSettings = {
				DEFINES_MODULE = YES;
				DYLIB_COMPATIBILITY_VERSION = 1;
				DYLIB_CURRENT_VERSION = 1;
				DYLIB_INSTALL_NAME_BASE = "@rpath";
				INFOPLIST_FILE = Source/Info.plist;
				INSTALL_PATH = "$(LOCAL_LIBRARY_DIR)/Frameworks";
				IPHONEOS_DEPLOYMENT_TARGET = 8.0;
				LD_RUNPATH_SEARCH_PATHS = "$(inherited) @executable_path/Frameworks @loader_path/Frameworks";
				LIBRARY_SEARCH_PATHS = (
					"$(inherited)",
					"$(PROJECT_DIR)",
					"$(PROJECT_DIR)/Vendor",
				);
				PRODUCT_BUNDLE_IDENTIFIER = "com.boxedfolder.$(PRODUCT_NAME:rfc1034identifier)";
				PRODUCT_NAME = "$(TARGET_NAME)";
				SKIP_INSTALL = YES;
			};
			name = Release;
		};
		6061DA7D1B111AF5002DC83B /* Debug */ = {
			isa = XCBuildConfiguration;
			buildSettings = {
				ALWAYS_SEARCH_USER_PATHS = YES;
				FRAMEWORK_SEARCH_PATHS = (
					"$(SDKROOT)/Developer/Library/Frameworks",
					"$(inherited)",
				);
				GCC_PREPROCESSOR_DEFINITIONS = (
					"DEBUG=1",
					"$(inherited)",
				);
				INFOPLIST_FILE = Tests/Info.plist;
				LD_RUNPATH_SEARCH_PATHS = "$(inherited) @executable_path/Frameworks @loader_path/Frameworks";
				LIBRARY_SEARCH_PATHS = (
					"$(inherited)",
					"$(PROJECT_DIR)/Vendor",
				);
				OTHER_LDFLAGS = (
					"$(inherited)",
					"-framework",
					XCTest,
					"-ObjC",
				);
				PRODUCT_BUNDLE_IDENTIFIER = "com.boxedfolder.$(PRODUCT_NAME:rfc1034identifier)";
				PRODUCT_NAME = "$(TARGET_NAME)";
				USER_HEADER_SEARCH_PATHS = "$(SRCROOT)/Source/** $(SRCROOT)/Vendor/**";
			};
			name = Debug;
		};
		6061DA7E1B111AF5002DC83B /* Release */ = {
			isa = XCBuildConfiguration;
			buildSettings = {
				ALWAYS_SEARCH_USER_PATHS = YES;
				FRAMEWORK_SEARCH_PATHS = (
					"$(SDKROOT)/Developer/Library/Frameworks",
					"$(inherited)",
				);
				INFOPLIST_FILE = Tests/Info.plist;
				LD_RUNPATH_SEARCH_PATHS = "$(inherited) @executable_path/Frameworks @loader_path/Frameworks";
				LIBRARY_SEARCH_PATHS = (
					"$(inherited)",
					"$(PROJECT_DIR)/Vendor",
				);
				OTHER_LDFLAGS = (
					"$(inherited)",
					"-framework",
					XCTest,
					"-ObjC",
				);
				PRODUCT_BUNDLE_IDENTIFIER = "com.boxedfolder.$(PRODUCT_NAME:rfc1034identifier)";
				PRODUCT_NAME = "$(TARGET_NAME)";
				USER_HEADER_SEARCH_PATHS = "$(SRCROOT)/Source/** $(SRCROOT)/Vendor/**";
			};
			name = Release;
		};
/* End XCBuildConfiguration section */

/* Begin XCConfigurationList section */
		601355E41C1DE9590068EA47 /* Build configuration list for PBXNativeTarget "CarrotSDKStatic" */ = {
			isa = XCConfigurationList;
			buildConfigurations = (
				601355E21C1DE9590068EA47 /* Debug */,
				601355E31C1DE9590068EA47 /* Release */,
			);
			defaultConfigurationIsVisible = 0;
			defaultConfigurationName = Release;
		};
		6061DA5D1B111AF5002DC83B /* Build configuration list for PBXProject "CarrotSDK" */ = {
			isa = XCConfigurationList;
			buildConfigurations = (
				6061DA771B111AF5002DC83B /* Debug */,
				6061DA781B111AF5002DC83B /* Release */,
			);
			defaultConfigurationIsVisible = 0;
			defaultConfigurationName = Release;
		};
		6061DA791B111AF5002DC83B /* Build configuration list for PBXNativeTarget "CarrotSDK" */ = {
			isa = XCConfigurationList;
			buildConfigurations = (
				6061DA7A1B111AF5002DC83B /* Debug */,
				6061DA7B1B111AF5002DC83B /* Release */,
			);
			defaultConfigurationIsVisible = 0;
			defaultConfigurationName = Release;
		};
		6061DA7C1B111AF5002DC83B /* Build configuration list for PBXNativeTarget "CarrotSDKTests" */ = {
			isa = XCConfigurationList;
			buildConfigurations = (
				6061DA7D1B111AF5002DC83B /* Debug */,
				6061DA7E1B111AF5002DC83B /* Release */,
			);
			defaultConfigurationIsVisible = 0;
			defaultConfigurationName = Release;
		};
/* End XCConfigurationList section */
	};
	rootObject = 6061DA5A1B111AF5002DC83B /* Project object */;
}
