// !$*UTF8*$!
{
	archiveVersion = 1;
	classes = {
	};
	objectVersion = 46;
	objects = {

/* Begin PBXBuildFile section */
		6002B0DB1B126D8000459AAC /* CRSingleFileStorage.h in Headers */ = {isa = PBXBuildFile; fileRef = 6002B0D91B126D8000459AAC /* CRSingleFileStorage.h */; };
		6002B0DC1B126D8000459AAC /* CRSingleFileStorage.m in Sources */ = {isa = PBXBuildFile; fileRef = 6002B0DA1B126D8000459AAC /* CRSingleFileStorage.m */; };
		6002B0DF1B12768D00459AAC /* CRBeaconStorage.h in Headers */ = {isa = PBXBuildFile; fileRef = 6002B0DD1B12768D00459AAC /* CRBeaconStorage.h */; };
		6002B0E01B12768D00459AAC /* CRBeaconStorage.m in Sources */ = {isa = PBXBuildFile; fileRef = 6002B0DE1B12768D00459AAC /* CRBeaconStorage.m */; };
		6002B0E21B1277C700459AAC /* CRSingleFileStorageTests.m in Sources */ = {isa = PBXBuildFile; fileRef = 6002B0E11B1277C700459AAC /* CRSingleFileStorageTests.m */; };
		60053CDC1B16F95900A9FA03 /* CRBeaconCacheTests.m in Sources */ = {isa = PBXBuildFile; fileRef = 60053CDB1B16F95900A9FA03 /* CRBeaconCacheTests.m */; };
		60053CE51B16FE8C00A9FA03 /* libOCMock.a in Frameworks */ = {isa = PBXBuildFile; fileRef = 60053CE41B16FE8C00A9FA03 /* libOCMock.a */; };
		60053CE71B17183F00A9FA03 /* CREventTests.m in Sources */ = {isa = PBXBuildFile; fileRef = 60053CE61B17183F00A9FA03 /* CREventTests.m */; };
		6009ED331B1139EC0090C1A7 /* CRDefinitions.h in Headers */ = {isa = PBXBuildFile; fileRef = 6009ED311B1139EC0090C1A7 /* CRDefinitions.h */; };
		6009ED371B1142A50090C1A7 /* CRBeaconManagerDelegate.h in Headers */ = {isa = PBXBuildFile; fileRef = 6009ED351B1142A50090C1A7 /* CRBeaconManagerDelegate.h */; settings = {ATTRIBUTES = (Public, ); }; };
		6009ED3C1B1144B00090C1A7 /* CREvent.h in Headers */ = {isa = PBXBuildFile; fileRef = 6009ED3A1B1144B00090C1A7 /* CREvent.h */; settings = {ATTRIBUTES = (Public, ); }; };
		6009ED3D1B1144B00090C1A7 /* CREvent.m in Sources */ = {isa = PBXBuildFile; fileRef = 6009ED3B1B1144B00090C1A7 /* CREvent.m */; };
		6009ED401B11451E0090C1A7 /* CRTextEvent.h in Headers */ = {isa = PBXBuildFile; fileRef = 6009ED3E1B11451E0090C1A7 /* CRTextEvent.h */; settings = {ATTRIBUTES = (Public, ); }; };
		6009ED411B11451E0090C1A7 /* CRTextEvent.m in Sources */ = {isa = PBXBuildFile; fileRef = 6009ED3F1B11451E0090C1A7 /* CRTextEvent.m */; };
		6036C8A51B1732B800D4CA87 /* CREventCoordinator.h in Headers */ = {isa = PBXBuildFile; fileRef = 6036C8A31B1732B800D4CA87 /* CREventCoordinator.h */; };
		6036C8A61B1732B800D4CA87 /* CREventCoordinator.m in Sources */ = {isa = PBXBuildFile; fileRef = 6036C8A41B1732B800D4CA87 /* CREventCoordinator.m */; };
		6036C8A81B17346B00D4CA87 /* CREventCoordinatorTests.m in Sources */ = {isa = PBXBuildFile; fileRef = 6036C8A71B17346B00D4CA87 /* CREventCoordinatorTests.m */; };
		6036C8AB1B174AC900D4CA87 /* CREventStorage+Filter.h in Headers */ = {isa = PBXBuildFile; fileRef = 6036C8A91B174AC900D4CA87 /* CREventStorage+Filter.h */; };
		6036C8AC1B174AC900D4CA87 /* CREventStorage+Filter.m in Sources */ = {isa = PBXBuildFile; fileRef = 6036C8AA1B174AC900D4CA87 /* CREventStorage+Filter.m */; };
		603CC7991B1492B40077A48C /* CRBeaconManagerTests.m in Sources */ = {isa = PBXBuildFile; fileRef = 603CC7981B1492B40077A48C /* CRBeaconManagerTests.m */; };
		603CC7E41B14BF8C0077A48C /* CRBeaconCache.h in Headers */ = {isa = PBXBuildFile; fileRef = 603CC7E21B14BF8C0077A48C /* CRBeaconCache.h */; };
		603CC7E51B14BF8C0077A48C /* CRBeaconCache.m in Sources */ = {isa = PBXBuildFile; fileRef = 603CC7E31B14BF8C0077A48C /* CRBeaconCache.m */; };
		604601B61B15AF4C00F32E80 /* CREventStorage.h in Headers */ = {isa = PBXBuildFile; fileRef = 604601B41B15AF4C00F32E80 /* CREventStorage.h */; };
		604601B71B15AF4C00F32E80 /* CREventStorage.m in Sources */ = {isa = PBXBuildFile; fileRef = 604601B51B15AF4C00F32E80 /* CREventStorage.m */; };
		6061DA691B111AF5002DC83B /* CarrotSDK.h in Headers */ = {isa = PBXBuildFile; fileRef = 6061DA681B111AF5002DC83B /* CarrotSDK.h */; settings = {ATTRIBUTES = (Public, ); }; };
		6061DA6F1B111AF5002DC83B /* CarrotSDK.framework in Frameworks */ = {isa = PBXBuildFile; fileRef = 6061DA631B111AF5002DC83B /* CarrotSDK.framework */; };
		6061DA841B111D21002DC83B /* CRBeaconManager.h in Headers */ = {isa = PBXBuildFile; fileRef = 6061DA821B111D21002DC83B /* CRBeaconManager.h */; settings = {ATTRIBUTES = (Public, ); }; };
		6061DA851B111D21002DC83B /* CRBeaconManager.m in Sources */ = {isa = PBXBuildFile; fileRef = 6061DA831B111D21002DC83B /* CRBeaconManager.m */; };
		6061DA8C1B111D95002DC83B /* CRSyncManager.h in Headers */ = {isa = PBXBuildFile; fileRef = 6061DA8A1B111D95002DC83B /* CRSyncManager.h */; };
		6061DA8D1B111D95002DC83B /* CRSyncManager.m in Sources */ = {isa = PBXBuildFile; fileRef = 6061DA8B1B111D95002DC83B /* CRSyncManager.m */; };
		6061DA901B111DB3002DC83B /* CRBeacon.h in Headers */ = {isa = PBXBuildFile; fileRef = 6061DA8E1B111DB3002DC83B /* CRBeacon.h */; settings = {ATTRIBUTES = (Public, ); }; };
		6061DA911B111DB3002DC83B /* CRBeacon.m in Sources */ = {isa = PBXBuildFile; fileRef = 6061DA8F1B111DB3002DC83B /* CRBeacon.m */; };
		6061DA931B111E61002DC83B /* CoreLocation.framework in Frameworks */ = {isa = PBXBuildFile; fileRef = 6061DA921B111E61002DC83B /* CoreLocation.framework */; };
		606F0B281B1CC0C000E28436 /* CRAnalyticsHandler.h in Headers */ = {isa = PBXBuildFile; fileRef = 606F0B261B1CC0C000E28436 /* CRAnalyticsHandler.h */; };
		606F0B291B1CC0C000E28436 /* CRAnalyticsHandler.m in Sources */ = {isa = PBXBuildFile; fileRef = 606F0B271B1CC0C000E28436 /* CRAnalyticsHandler.m */; };
		60C8BAD71B132A5B009024F8 /* CRNotificationEvent.h in Headers */ = {isa = PBXBuildFile; fileRef = 60C8BAD51B132A5B009024F8 /* CRNotificationEvent.h */; settings = {ATTRIBUTES = (Public, ); }; };
		60C8BAD81B132A5B009024F8 /* CRNotificationEvent.m in Sources */ = {isa = PBXBuildFile; fileRef = 60C8BAD61B132A5B009024F8 /* CRNotificationEvent.m */; };
		60CC3B031B15FC3700229A55 /* CoreBluetooth.framework in Frameworks */ = {isa = PBXBuildFile; fileRef = 60CC3B021B15FC3700229A55 /* CoreBluetooth.framework */; };
		60CC3B071B15FFEF00229A55 /* CRBeaconManagerEnums.h in Headers */ = {isa = PBXBuildFile; fileRef = 60CC3B061B15FFA600229A55 /* CRBeaconManagerEnums.h */; settings = {ATTRIBUTES = (Public, ); }; };
		60CC3B091B1622B200229A55 /* CREventStorageTest.m in Sources */ = {isa = PBXBuildFile; fileRef = 60CC3B081B1622B200229A55 /* CREventStorageTest.m */; };
		60CF25BA1B1456E30069053A /* CRBeaconTests.m in Sources */ = {isa = PBXBuildFile; fileRef = 60CF25B91B1456E30069053A /* CRBeaconTests.m */; };
/* End PBXBuildFile section */

/* Begin PBXContainerItemProxy section */
		6061DA701B111AF5002DC83B /* PBXContainerItemProxy */ = {
			isa = PBXContainerItemProxy;
			containerPortal = 6061DA5A1B111AF5002DC83B /* Project object */;
			proxyType = 1;
			remoteGlobalIDString = 6061DA621B111AF5002DC83B;
			remoteInfo = CarrotSDK;
		};
/* End PBXContainerItemProxy section */

/* Begin PBXFileReference section */
		6002B0D91B126D8000459AAC /* CRSingleFileStorage.h */ = {isa = PBXFileReference; fileEncoding = 4; lastKnownFileType = sourcecode.c.h; path = CRSingleFileStorage.h; sourceTree = "<group>"; };
		6002B0DA1B126D8000459AAC /* CRSingleFileStorage.m */ = {isa = PBXFileReference; fileEncoding = 4; lastKnownFileType = sourcecode.c.objc; path = CRSingleFileStorage.m; sourceTree = "<group>"; };
		6002B0DD1B12768D00459AAC /* CRBeaconStorage.h */ = {isa = PBXFileReference; fileEncoding = 4; lastKnownFileType = sourcecode.c.h; path = CRBeaconStorage.h; sourceTree = "<group>"; };
		6002B0DE1B12768D00459AAC /* CRBeaconStorage.m */ = {isa = PBXFileReference; fileEncoding = 4; lastKnownFileType = sourcecode.c.objc; path = CRBeaconStorage.m; sourceTree = "<group>"; };
		6002B0E11B1277C700459AAC /* CRSingleFileStorageTests.m */ = {isa = PBXFileReference; fileEncoding = 4; lastKnownFileType = sourcecode.c.objc; path = CRSingleFileStorageTests.m; sourceTree = "<group>"; };
		60053CDB1B16F95900A9FA03 /* CRBeaconCacheTests.m */ = {isa = PBXFileReference; fileEncoding = 4; lastKnownFileType = sourcecode.c.objc; path = CRBeaconCacheTests.m; sourceTree = "<group>"; };
		60053CE41B16FE8C00A9FA03 /* libOCMock.a */ = {isa = PBXFileReference; lastKnownFileType = archive.ar; name = libOCMock.a; path = Vendor/libOCMock.a; sourceTree = "<group>"; };
		60053CE61B17183F00A9FA03 /* CREventTests.m */ = {isa = PBXFileReference; fileEncoding = 4; lastKnownFileType = sourcecode.c.objc; path = CREventTests.m; sourceTree = "<group>"; };
		6009ED311B1139EC0090C1A7 /* CRDefinitions.h */ = {isa = PBXFileReference; fileEncoding = 4; lastKnownFileType = sourcecode.c.h; path = CRDefinitions.h; sourceTree = "<group>"; };
		6009ED351B1142A50090C1A7 /* CRBeaconManagerDelegate.h */ = {isa = PBXFileReference; fileEncoding = 4; lastKnownFileType = sourcecode.c.h; path = CRBeaconManagerDelegate.h; sourceTree = "<group>"; };
		6009ED3A1B1144B00090C1A7 /* CREvent.h */ = {isa = PBXFileReference; fileEncoding = 4; lastKnownFileType = sourcecode.c.h; path = CREvent.h; sourceTree = "<group>"; };
		6009ED3B1B1144B00090C1A7 /* CREvent.m */ = {isa = PBXFileReference; fileEncoding = 4; lastKnownFileType = sourcecode.c.objc; path = CREvent.m; sourceTree = "<group>"; };
		6009ED3E1B11451E0090C1A7 /* CRTextEvent.h */ = {isa = PBXFileReference; fileEncoding = 4; lastKnownFileType = sourcecode.c.h; path = CRTextEvent.h; sourceTree = "<group>"; };
		6009ED3F1B11451E0090C1A7 /* CRTextEvent.m */ = {isa = PBXFileReference; fileEncoding = 4; lastKnownFileType = sourcecode.c.objc; path = CRTextEvent.m; sourceTree = "<group>"; };
		6036C8A31B1732B800D4CA87 /* CREventCoordinator.h */ = {isa = PBXFileReference; fileEncoding = 4; lastKnownFileType = sourcecode.c.h; path = CREventCoordinator.h; sourceTree = "<group>"; };
		6036C8A41B1732B800D4CA87 /* CREventCoordinator.m */ = {isa = PBXFileReference; fileEncoding = 4; lastKnownFileType = sourcecode.c.objc; path = CREventCoordinator.m; sourceTree = "<group>"; };
		6036C8A71B17346B00D4CA87 /* CREventCoordinatorTests.m */ = {isa = PBXFileReference; fileEncoding = 4; lastKnownFileType = sourcecode.c.objc; path = CREventCoordinatorTests.m; sourceTree = "<group>"; };
		6036C8A91B174AC900D4CA87 /* CREventStorage+Filter.h */ = {isa = PBXFileReference; fileEncoding = 4; lastKnownFileType = sourcecode.c.h; path = "CREventStorage+Filter.h"; sourceTree = "<group>"; };
		6036C8AA1B174AC900D4CA87 /* CREventStorage+Filter.m */ = {isa = PBXFileReference; fileEncoding = 4; lastKnownFileType = sourcecode.c.objc; path = "CREventStorage+Filter.m"; sourceTree = "<group>"; };
		603CC7981B1492B40077A48C /* CRBeaconManagerTests.m */ = {isa = PBXFileReference; fileEncoding = 4; lastKnownFileType = sourcecode.c.objc; path = CRBeaconManagerTests.m; sourceTree = "<group>"; };
		603CC7E21B14BF8C0077A48C /* CRBeaconCache.h */ = {isa = PBXFileReference; fileEncoding = 4; lastKnownFileType = sourcecode.c.h; path = CRBeaconCache.h; sourceTree = "<group>"; };
		603CC7E31B14BF8C0077A48C /* CRBeaconCache.m */ = {isa = PBXFileReference; fileEncoding = 4; lastKnownFileType = sourcecode.c.objc; path = CRBeaconCache.m; sourceTree = "<group>"; };
		604601B41B15AF4C00F32E80 /* CREventStorage.h */ = {isa = PBXFileReference; fileEncoding = 4; lastKnownFileType = sourcecode.c.h; path = CREventStorage.h; sourceTree = "<group>"; };
		604601B51B15AF4C00F32E80 /* CREventStorage.m */ = {isa = PBXFileReference; fileEncoding = 4; lastKnownFileType = sourcecode.c.objc; path = CREventStorage.m; sourceTree = "<group>"; };
		6061DA631B111AF5002DC83B /* CarrotSDK.framework */ = {isa = PBXFileReference; explicitFileType = wrapper.framework; includeInIndex = 0; path = CarrotSDK.framework; sourceTree = BUILT_PRODUCTS_DIR; };
		6061DA671B111AF5002DC83B /* Info.plist */ = {isa = PBXFileReference; lastKnownFileType = text.plist.xml; path = Info.plist; sourceTree = "<group>"; };
		6061DA681B111AF5002DC83B /* CarrotSDK.h */ = {isa = PBXFileReference; lastKnownFileType = sourcecode.c.h; path = CarrotSDK.h; sourceTree = "<group>"; };
		6061DA6E1B111AF5002DC83B /* CarrotSDKTests.xctest */ = {isa = PBXFileReference; explicitFileType = wrapper.cfbundle; includeInIndex = 0; path = CarrotSDKTests.xctest; sourceTree = BUILT_PRODUCTS_DIR; };
		6061DA741B111AF5002DC83B /* Info.plist */ = {isa = PBXFileReference; lastKnownFileType = text.plist.xml; path = Info.plist; sourceTree = "<group>"; };
		6061DA821B111D21002DC83B /* CRBeaconManager.h */ = {isa = PBXFileReference; fileEncoding = 4; lastKnownFileType = sourcecode.c.h; path = CRBeaconManager.h; sourceTree = "<group>"; };
		6061DA831B111D21002DC83B /* CRBeaconManager.m */ = {isa = PBXFileReference; fileEncoding = 4; lastKnownFileType = sourcecode.c.objc; path = CRBeaconManager.m; sourceTree = "<group>"; };
		6061DA8A1B111D95002DC83B /* CRSyncManager.h */ = {isa = PBXFileReference; fileEncoding = 4; lastKnownFileType = sourcecode.c.h; path = CRSyncManager.h; sourceTree = "<group>"; };
		6061DA8B1B111D95002DC83B /* CRSyncManager.m */ = {isa = PBXFileReference; fileEncoding = 4; lastKnownFileType = sourcecode.c.objc; path = CRSyncManager.m; sourceTree = "<group>"; };
		6061DA8E1B111DB3002DC83B /* CRBeacon.h */ = {isa = PBXFileReference; fileEncoding = 4; lastKnownFileType = sourcecode.c.h; path = CRBeacon.h; sourceTree = "<group>"; };
		6061DA8F1B111DB3002DC83B /* CRBeacon.m */ = {isa = PBXFileReference; fileEncoding = 4; lastKnownFileType = sourcecode.c.objc; path = CRBeacon.m; sourceTree = "<group>"; };
		6061DA921B111E61002DC83B /* CoreLocation.framework */ = {isa = PBXFileReference; lastKnownFileType = wrapper.framework; name = CoreLocation.framework; path = System/Library/Frameworks/CoreLocation.framework; sourceTree = SDKROOT; };
		606F0B261B1CC0C000E28436 /* CRAnalyticsHandler.h */ = {isa = PBXFileReference; fileEncoding = 4; lastKnownFileType = sourcecode.c.h; path = CRAnalyticsHandler.h; sourceTree = "<group>"; };
		606F0B271B1CC0C000E28436 /* CRAnalyticsHandler.m */ = {isa = PBXFileReference; fileEncoding = 4; lastKnownFileType = sourcecode.c.objc; path = CRAnalyticsHandler.m; sourceTree = "<group>"; };
		60C8BAD51B132A5B009024F8 /* CRNotificationEvent.h */ = {isa = PBXFileReference; fileEncoding = 4; lastKnownFileType = sourcecode.c.h; path = CRNotificationEvent.h; sourceTree = "<group>"; };
		60C8BAD61B132A5B009024F8 /* CRNotificationEvent.m */ = {isa = PBXFileReference; fileEncoding = 4; lastKnownFileType = sourcecode.c.objc; path = CRNotificationEvent.m; sourceTree = "<group>"; };
		60CC3B021B15FC3700229A55 /* CoreBluetooth.framework */ = {isa = PBXFileReference; lastKnownFileType = wrapper.framework; name = CoreBluetooth.framework; path = System/Library/Frameworks/CoreBluetooth.framework; sourceTree = SDKROOT; };
		60CC3B061B15FFA600229A55 /* CRBeaconManagerEnums.h */ = {isa = PBXFileReference; lastKnownFileType = sourcecode.c.h; path = CRBeaconManagerEnums.h; sourceTree = "<group>"; };
		60CC3B081B1622B200229A55 /* CREventStorageTest.m */ = {isa = PBXFileReference; fileEncoding = 4; lastKnownFileType = sourcecode.c.objc; path = CREventStorageTest.m; sourceTree = "<group>"; };
		60CF25B91B1456E30069053A /* CRBeaconTests.m */ = {isa = PBXFileReference; fileEncoding = 4; lastKnownFileType = sourcecode.c.objc; path = CRBeaconTests.m; sourceTree = "<group>"; };
/* End PBXFileReference section */

/* Begin PBXFrameworksBuildPhase section */
		6061DA5F1B111AF5002DC83B /* Frameworks */ = {
			isa = PBXFrameworksBuildPhase;
			buildActionMask = 2147483647;
			files = (
				60CC3B031B15FC3700229A55 /* CoreBluetooth.framework in Frameworks */,
				6061DA931B111E61002DC83B /* CoreLocation.framework in Frameworks */,
			);
			runOnlyForDeploymentPostprocessing = 0;
		};
		6061DA6B1B111AF5002DC83B /* Frameworks */ = {
			isa = PBXFrameworksBuildPhase;
			buildActionMask = 2147483647;
			files = (
				6061DA6F1B111AF5002DC83B /* CarrotSDK.framework in Frameworks */,
				60053CE51B16FE8C00A9FA03 /* libOCMock.a in Frameworks */,
			);
			runOnlyForDeploymentPostprocessing = 0;
		};
/* End PBXFrameworksBuildPhase section */

/* Begin PBXGroup section */
		6009ED391B1144A30090C1A7 /* Model */ = {
			isa = PBXGroup;
			children = (
				6061DA8E1B111DB3002DC83B /* CRBeacon.h */,
				6061DA8F1B111DB3002DC83B /* CRBeacon.m */,
				6009ED3A1B1144B00090C1A7 /* CREvent.h */,
				6009ED3B1B1144B00090C1A7 /* CREvent.m */,
				6009ED3E1B11451E0090C1A7 /* CRTextEvent.h */,
				6009ED3F1B11451E0090C1A7 /* CRTextEvent.m */,
				60C8BAD51B132A5B009024F8 /* CRNotificationEvent.h */,
				60C8BAD61B132A5B009024F8 /* CRNotificationEvent.m */,
			);
			name = Model;
			sourceTree = "<group>";
		};
		60374FC31B171EDD0053ADEC /* Core */ = {
			isa = PBXGroup;
			children = (
				603CC7981B1492B40077A48C /* CRBeaconManagerTests.m */,
				60053CDB1B16F95900A9FA03 /* CRBeaconCacheTests.m */,
				6036C8A71B17346B00D4CA87 /* CREventCoordinatorTests.m */,
			);
			name = Core;
			sourceTree = "<group>";
		};
		60374FC41B171EEB0053ADEC /* Persistence */ = {
			isa = PBXGroup;
			children = (
				60CF25B91B1456E30069053A /* CRBeaconTests.m */,
				60053CE61B17183F00A9FA03 /* CREventTests.m */,
				60CC3B081B1622B200229A55 /* CREventStorageTest.m */,
				6002B0E11B1277C700459AAC /* CRSingleFileStorageTests.m */,
			);
			name = Persistence;
			sourceTree = "<group>";
		};
		604601B31B15AF0D00F32E80 /* Storage */ = {
			isa = PBXGroup;
			children = (
				6002B0D91B126D8000459AAC /* CRSingleFileStorage.h */,
				6002B0DA1B126D8000459AAC /* CRSingleFileStorage.m */,
				6002B0DD1B12768D00459AAC /* CRBeaconStorage.h */,
				6002B0DE1B12768D00459AAC /* CRBeaconStorage.m */,
				604601B41B15AF4C00F32E80 /* CREventStorage.h */,
				604601B51B15AF4C00F32E80 /* CREventStorage.m */,
				6036C8A91B174AC900D4CA87 /* CREventStorage+Filter.h */,
				6036C8AA1B174AC900D4CA87 /* CREventStorage+Filter.m */,
			);
			name = Storage;
			sourceTree = "<group>";
		};
		6061DA591B111AF5002DC83B = {
			isa = PBXGroup;
			children = (
				6061DA651B111AF5002DC83B /* Source */,
				6061DA721B111AF5002DC83B /* Tests */,
				6061DA641B111AF5002DC83B /* Products */,
				6061DA941B111E71002DC83B /* Vendor */,
			);
			sourceTree = "<group>";
		};
		6061DA641B111AF5002DC83B /* Products */ = {
			isa = PBXGroup;
			children = (
				6061DA631B111AF5002DC83B /* CarrotSDK.framework */,
				6061DA6E1B111AF5002DC83B /* CarrotSDKTests.xctest */,
			);
			name = Products;
			sourceTree = "<group>";
		};
		6061DA651B111AF5002DC83B /* Source */ = {
			isa = PBXGroup;
			children = (
				6061DA681B111AF5002DC83B /* CarrotSDK.h */,
				6061DA811B111CB8002DC83B /* Core */,
				6061DA801B111CAD002DC83B /* Persistence */,
				6061DA7F1B111CA5002DC83B /* Network */,
				6061DA661B111AF5002DC83B /* Supporting Files */,
			);
			path = Source;
			sourceTree = "<group>";
		};
		6061DA661B111AF5002DC83B /* Supporting Files */ = {
			isa = PBXGroup;
			children = (
				6061DA671B111AF5002DC83B /* Info.plist */,
			);
			name = "Supporting Files";
			sourceTree = "<group>";
		};
		6061DA721B111AF5002DC83B /* Tests */ = {
			isa = PBXGroup;
			children = (
				60374FC31B171EDD0053ADEC /* Core */,
				60374FC41B171EEB0053ADEC /* Persistence */,
				6061DA731B111AF5002DC83B /* Supporting Files */,
			);
			path = Tests;
			sourceTree = "<group>";
		};
		6061DA731B111AF5002DC83B /* Supporting Files */ = {
			isa = PBXGroup;
			children = (
				6061DA741B111AF5002DC83B /* Info.plist */,
			);
			name = "Supporting Files";
			sourceTree = "<group>";
		};
		6061DA7F1B111CA5002DC83B /* Network */ = {
			isa = PBXGroup;
			children = (
				6061DA8A1B111D95002DC83B /* CRSyncManager.h */,
				6061DA8B1B111D95002DC83B /* CRSyncManager.m */,
				606F0B261B1CC0C000E28436 /* CRAnalyticsHandler.h */,
				606F0B271B1CC0C000E28436 /* CRAnalyticsHandler.m */,
			);
			name = Network;
			sourceTree = "<group>";
		};
		6061DA801B111CAD002DC83B /* Persistence */ = {
			isa = PBXGroup;
			children = (
				604601B31B15AF0D00F32E80 /* Storage */,
				6009ED391B1144A30090C1A7 /* Model */,
			);
			name = Persistence;
			sourceTree = "<group>";
		};
		6061DA811B111CB8002DC83B /* Core */ = {
			isa = PBXGroup;
			children = (
				608491E81B150DDD008CBF49 /* Caching */,
				6009ED311B1139EC0090C1A7 /* CRDefinitions.h */,
				6009ED351B1142A50090C1A7 /* CRBeaconManagerDelegate.h */,
				60CC3B061B15FFA600229A55 /* CRBeaconManagerEnums.h */,
				6061DA821B111D21002DC83B /* CRBeaconManager.h */,
				6061DA831B111D21002DC83B /* CRBeaconManager.m */,
				6036C8A31B1732B800D4CA87 /* CREventCoordinator.h */,
				6036C8A41B1732B800D4CA87 /* CREventCoordinator.m */,
			);
			name = Core;
			sourceTree = "<group>";
		};
		6061DA941B111E71002DC83B /* Vendor */ = {
			isa = PBXGroup;
			children = (
				60053CE41B16FE8C00A9FA03 /* libOCMock.a */,
				60CC3B021B15FC3700229A55 /* CoreBluetooth.framework */,
				6061DA921B111E61002DC83B /* CoreLocation.framework */,
			);
			name = Vendor;
			sourceTree = "<group>";
		};
		608491E81B150DDD008CBF49 /* Caching */ = {
			isa = PBXGroup;
			children = (
				603CC7E21B14BF8C0077A48C /* CRBeaconCache.h */,
				603CC7E31B14BF8C0077A48C /* CRBeaconCache.m */,
			);
			name = Caching;
			sourceTree = "<group>";
		};
/* End PBXGroup section */

/* Begin PBXHeadersBuildPhase section */
		6061DA601B111AF5002DC83B /* Headers */ = {
			isa = PBXHeadersBuildPhase;
			buildActionMask = 2147483647;
			files = (
				6009ED331B1139EC0090C1A7 /* CRDefinitions.h in Headers */,
				6002B0DF1B12768D00459AAC /* CRBeaconStorage.h in Headers */,
				603CC7E41B14BF8C0077A48C /* CRBeaconCache.h in Headers */,
				60C8BAD71B132A5B009024F8 /* CRNotificationEvent.h in Headers */,
				6009ED371B1142A50090C1A7 /* CRBeaconManagerDelegate.h in Headers */,
				6036C8A51B1732B800D4CA87 /* CREventCoordinator.h in Headers */,
				606F0B281B1CC0C000E28436 /* CRAnalyticsHandler.h in Headers */,
				6009ED401B11451E0090C1A7 /* CRTextEvent.h in Headers */,
				6009ED3C1B1144B00090C1A7 /* CREvent.h in Headers */,
				60CC3B071B15FFEF00229A55 /* CRBeaconManagerEnums.h in Headers */,
				6002B0DB1B126D8000459AAC /* CRSingleFileStorage.h in Headers */,
				6036C8AB1B174AC900D4CA87 /* CREventStorage+Filter.h in Headers */,
				6061DA841B111D21002DC83B /* CRBeaconManager.h in Headers */,
				6061DA901B111DB3002DC83B /* CRBeacon.h in Headers */,
				6061DA691B111AF5002DC83B /* CarrotSDK.h in Headers */,
				604601B61B15AF4C00F32E80 /* CREventStorage.h in Headers */,
				6061DA8C1B111D95002DC83B /* CRSyncManager.h in Headers */,
			);
			runOnlyForDeploymentPostprocessing = 0;
		};
/* End PBXHeadersBuildPhase section */

/* Begin PBXNativeTarget section */
		6061DA621B111AF5002DC83B /* CarrotSDK */ = {
			isa = PBXNativeTarget;
			buildConfigurationList = 6061DA791B111AF5002DC83B /* Build configuration list for PBXNativeTarget "CarrotSDK" */;
			buildPhases = (
				6061DA5E1B111AF5002DC83B /* Sources */,
				6061DA5F1B111AF5002DC83B /* Frameworks */,
				6061DA601B111AF5002DC83B /* Headers */,
				6061DA611B111AF5002DC83B /* Resources */,
			);
			buildRules = (
			);
			dependencies = (
			);
			name = CarrotSDK;
			productName = CarrotSDK;
			productReference = 6061DA631B111AF5002DC83B /* CarrotSDK.framework */;
			productType = "com.apple.product-type.framework";
		};
		6061DA6D1B111AF5002DC83B /* CarrotSDKTests */ = {
			isa = PBXNativeTarget;
			buildConfigurationList = 6061DA7C1B111AF5002DC83B /* Build configuration list for PBXNativeTarget "CarrotSDKTests" */;
			buildPhases = (
				6061DA6A1B111AF5002DC83B /* Sources */,
				6061DA6B1B111AF5002DC83B /* Frameworks */,
				6061DA6C1B111AF5002DC83B /* Resources */,
			);
			buildRules = (
			);
			dependencies = (
				6061DA711B111AF5002DC83B /* PBXTargetDependency */,
			);
			name = CarrotSDKTests;
			productName = CarrotSDKTests;
			productReference = 6061DA6E1B111AF5002DC83B /* CarrotSDKTests.xctest */;
			productType = "com.apple.product-type.bundle.unit-test";
		};
/* End PBXNativeTarget section */

/* Begin PBXProject section */
		6061DA5A1B111AF5002DC83B /* Project object */ = {
			isa = PBXProject;
			attributes = {
				LastUpgradeCheck = 0630;
				ORGANIZATIONNAME = boxedfolder.com;
				TargetAttributes = {
					6061DA621B111AF5002DC83B = {
						CreatedOnToolsVersion = 6.3.2;
					};
					6061DA6D1B111AF5002DC83B = {
						CreatedOnToolsVersion = 6.3.2;
					};
				};
			};
			buildConfigurationList = 6061DA5D1B111AF5002DC83B /* Build configuration list for PBXProject "CarrotSDK" */;
			compatibilityVersion = "Xcode 3.2";
			developmentRegion = English;
			hasScannedForEncodings = 0;
			knownRegions = (
				en,
			);
			mainGroup = 6061DA591B111AF5002DC83B;
			productRefGroup = 6061DA641B111AF5002DC83B /* Products */;
			projectDirPath = "";
			projectRoot = "";
			targets = (
				6061DA621B111AF5002DC83B /* CarrotSDK */,
				6061DA6D1B111AF5002DC83B /* CarrotSDKTests */,
			);
		};
/* End PBXProject section */

/* Begin PBXResourcesBuildPhase section */
		6061DA611B111AF5002DC83B /* Resources */ = {
			isa = PBXResourcesBuildPhase;
			buildActionMask = 2147483647;
			files = (
			);
			runOnlyForDeploymentPostprocessing = 0;
		};
		6061DA6C1B111AF5002DC83B /* Resources */ = {
			isa = PBXResourcesBuildPhase;
			buildActionMask = 2147483647;
			files = (
			);
			runOnlyForDeploymentPostprocessing = 0;
		};
/* End PBXResourcesBuildPhase section */

/* Begin PBXSourcesBuildPhase section */
		6061DA5E1B111AF5002DC83B /* Sources */ = {
			isa = PBXSourcesBuildPhase;
			buildActionMask = 2147483647;
			files = (
				6061DA8D1B111D95002DC83B /* CRSyncManager.m in Sources */,
				6009ED411B11451E0090C1A7 /* CRTextEvent.m in Sources */,
				606F0B291B1CC0C000E28436 /* CRAnalyticsHandler.m in Sources */,
				6061DA911B111DB3002DC83B /* CRBeacon.m in Sources */,
				6002B0E01B12768D00459AAC /* CRBeaconStorage.m in Sources */,
				6009ED3D1B1144B00090C1A7 /* CREvent.m in Sources */,
				6036C8A61B1732B800D4CA87 /* CREventCoordinator.m in Sources */,
				603CC7E51B14BF8C0077A48C /* CRBeaconCache.m in Sources */,
				6036C8AC1B174AC900D4CA87 /* CREventStorage+Filter.m in Sources */,
				6061DA851B111D21002DC83B /* CRBeaconManager.m in Sources */,
				604601B71B15AF4C00F32E80 /* CREventStorage.m in Sources */,
				60C8BAD81B132A5B009024F8 /* CRNotificationEvent.m in Sources */,
				6002B0DC1B126D8000459AAC /* CRSingleFileStorage.m in Sources */,
			);
			runOnlyForDeploymentPostprocessing = 0;
		};
		6061DA6A1B111AF5002DC83B /* Sources */ = {
			isa = PBXSourcesBuildPhase;
			buildActionMask = 2147483647;
			files = (
				60053CE71B17183F00A9FA03 /* CREventTests.m in Sources */,
				603CC7991B1492B40077A48C /* CRBeaconManagerTests.m in Sources */,
				6036C8A81B17346B00D4CA87 /* CREventCoordinatorTests.m in Sources */,
				60053CDC1B16F95900A9FA03 /* CRBeaconCacheTests.m in Sources */,
				60CC3B091B1622B200229A55 /* CREventStorageTest.m in Sources */,
				60CF25BA1B1456E30069053A /* CRBeaconTests.m in Sources */,
				6002B0E21B1277C700459AAC /* CRSingleFileStorageTests.m in Sources */,
			);
			runOnlyForDeploymentPostprocessing = 0;
		};
/* End PBXSourcesBuildPhase section */

/* Begin PBXTargetDependency section */
		6061DA711B111AF5002DC83B /* PBXTargetDependency */ = {
			isa = PBXTargetDependency;
			target = 6061DA621B111AF5002DC83B /* CarrotSDK */;
			targetProxy = 6061DA701B111AF5002DC83B /* PBXContainerItemProxy */;
		};
/* End PBXTargetDependency section */

/* Begin XCBuildConfiguration section */
		6061DA771B111AF5002DC83B /* Debug */ = {
			isa = XCBuildConfiguration;
			buildSettings = {
				ALWAYS_SEARCH_USER_PATHS = NO;
				CLANG_CXX_LANGUAGE_STANDARD = "gnu++0x";
				CLANG_CXX_LIBRARY = "libc++";
				CLANG_ENABLE_MODULES = YES;
				CLANG_ENABLE_OBJC_ARC = YES;
				CLANG_WARN_BOOL_CONVERSION = YES;
				CLANG_WARN_CONSTANT_CONVERSION = YES;
				CLANG_WARN_DIRECT_OBJC_ISA_USAGE = YES_ERROR;
				CLANG_WARN_EMPTY_BODY = YES;
				CLANG_WARN_ENUM_CONVERSION = YES;
				CLANG_WARN_INT_CONVERSION = YES;
				CLANG_WARN_OBJC_ROOT_CLASS = YES_ERROR;
				CLANG_WARN_UNREACHABLE_CODE = YES;
				CLANG_WARN__DUPLICATE_METHOD_MATCH = YES;
				"CODE_SIGN_IDENTITY[sdk=iphoneos*]" = "iPhone Developer";
				COPY_PHASE_STRIP = NO;
				CURRENT_PROJECT_VERSION = 1;
				DEBUG_INFORMATION_FORMAT = "dwarf-with-dsym";
				ENABLE_STRICT_OBJC_MSGSEND = YES;
				GCC_C_LANGUAGE_STANDARD = gnu99;
				GCC_DYNAMIC_NO_PIC = NO;
				GCC_NO_COMMON_BLOCKS = YES;
				GCC_OPTIMIZATION_LEVEL = 0;
				GCC_PREPROCESSOR_DEFINITIONS = (
					"DEBUG=1",
					"$(inherited)",
				);
				GCC_SYMBOLS_PRIVATE_EXTERN = NO;
				GCC_WARN_64_TO_32_BIT_CONVERSION = YES;
				GCC_WARN_ABOUT_RETURN_TYPE = YES_ERROR;
				GCC_WARN_UNDECLARED_SELECTOR = YES;
				GCC_WARN_UNINITIALIZED_AUTOS = YES_AGGRESSIVE;
				GCC_WARN_UNUSED_FUNCTION = YES;
				GCC_WARN_UNUSED_VARIABLE = YES;
				IPHONEOS_DEPLOYMENT_TARGET = 8.3;
				MTL_ENABLE_DEBUG_INFO = YES;
				ONLY_ACTIVE_ARCH = YES;
				SDKROOT = iphoneos;
				TARGETED_DEVICE_FAMILY = "1,2";
				VERSIONING_SYSTEM = "apple-generic";
				VERSION_INFO_PREFIX = "";
			};
			name = Debug;
		};
		6061DA781B111AF5002DC83B /* Release */ = {
			isa = XCBuildConfiguration;
			buildSettings = {
				ALWAYS_SEARCH_USER_PATHS = NO;
				CLANG_CXX_LANGUAGE_STANDARD = "gnu++0x";
				CLANG_CXX_LIBRARY = "libc++";
				CLANG_ENABLE_MODULES = YES;
				CLANG_ENABLE_OBJC_ARC = YES;
				CLANG_WARN_BOOL_CONVERSION = YES;
				CLANG_WARN_CONSTANT_CONVERSION = YES;
				CLANG_WARN_DIRECT_OBJC_ISA_USAGE = YES_ERROR;
				CLANG_WARN_EMPTY_BODY = YES;
				CLANG_WARN_ENUM_CONVERSION = YES;
				CLANG_WARN_INT_CONVERSION = YES;
				CLANG_WARN_OBJC_ROOT_CLASS = YES_ERROR;
				CLANG_WARN_UNREACHABLE_CODE = YES;
				CLANG_WARN__DUPLICATE_METHOD_MATCH = YES;
				"CODE_SIGN_IDENTITY[sdk=iphoneos*]" = "iPhone Developer";
				COPY_PHASE_STRIP = NO;
				CURRENT_PROJECT_VERSION = 1;
				DEBUG_INFORMATION_FORMAT = "dwarf-with-dsym";
				ENABLE_NS_ASSERTIONS = NO;
				ENABLE_STRICT_OBJC_MSGSEND = YES;
				GCC_C_LANGUAGE_STANDARD = gnu99;
				GCC_NO_COMMON_BLOCKS = YES;
				GCC_WARN_64_TO_32_BIT_CONVERSION = YES;
				GCC_WARN_ABOUT_RETURN_TYPE = YES_ERROR;
				GCC_WARN_UNDECLARED_SELECTOR = YES;
				GCC_WARN_UNINITIALIZED_AUTOS = YES_AGGRESSIVE;
				GCC_WARN_UNUSED_FUNCTION = YES;
				GCC_WARN_UNUSED_VARIABLE = YES;
				IPHONEOS_DEPLOYMENT_TARGET = 8.3;
				MTL_ENABLE_DEBUG_INFO = NO;
				SDKROOT = iphoneos;
				TARGETED_DEVICE_FAMILY = "1,2";
				VALIDATE_PRODUCT = YES;
				VERSIONING_SYSTEM = "apple-generic";
				VERSION_INFO_PREFIX = "";
			};
			name = Release;
		};
		6061DA7A1B111AF5002DC83B /* Debug */ = {
			isa = XCBuildConfiguration;
			buildSettings = {
				DEFINES_MODULE = YES;
				DYLIB_COMPATIBILITY_VERSION = 1;
				DYLIB_CURRENT_VERSION = 1;
				DYLIB_INSTALL_NAME_BASE = "@rpath";
				INFOPLIST_FILE = Source/Info.plist;
				INSTALL_PATH = "$(LOCAL_LIBRARY_DIR)/Frameworks";
				LD_RUNPATH_SEARCH_PATHS = "$(inherited) @executable_path/Frameworks @loader_path/Frameworks";
				LIBRARY_SEARCH_PATHS = (
					"$(inherited)",
					"$(PROJECT_DIR)",
					"$(PROJECT_DIR)/Vendor",
				);
				PRODUCT_NAME = "$(TARGET_NAME)";
				SKIP_INSTALL = YES;
			};
			name = Debug;
		};
		6061DA7B1B111AF5002DC83B /* Release */ = {
			isa = XCBuildConfiguration;
			buildSettings = {
				DEFINES_MODULE = YES;
				DYLIB_COMPATIBILITY_VERSION = 1;
				DYLIB_CURRENT_VERSION = 1;
				DYLIB_INSTALL_NAME_BASE = "@rpath";
				INFOPLIST_FILE = Source/Info.plist;
				INSTALL_PATH = "$(LOCAL_LIBRARY_DIR)/Frameworks";
				LD_RUNPATH_SEARCH_PATHS = "$(inherited) @executable_path/Frameworks @loader_path/Frameworks";
				LIBRARY_SEARCH_PATHS = (
					"$(inherited)",
					"$(PROJECT_DIR)",
					"$(PROJECT_DIR)/Vendor",
				);
				PRODUCT_NAME = "$(TARGET_NAME)";
				SKIP_INSTALL = YES;
			};
			name = Release;
		};
		6061DA7D1B111AF5002DC83B /* Debug */ = {
			isa = XCBuildConfiguration;
			buildSettings = {
				ALWAYS_SEARCH_USER_PATHS = YES;
				FRAMEWORK_SEARCH_PATHS = (
					"$(SDKROOT)/Developer/Library/Frameworks",
					"$(inherited)",
				);
				GCC_PREPROCESSOR_DEFINITIONS = (
					"DEBUG=1",
					"$(inherited)",
				);
				INFOPLIST_FILE = Tests/Info.plist;
				LD_RUNPATH_SEARCH_PATHS = "$(inherited) @executable_path/Frameworks @loader_path/Frameworks";
				LIBRARY_SEARCH_PATHS = (
					"$(inherited)",
					"$(PROJECT_DIR)/Vendor",
				);
				OTHER_LDFLAGS = (
					"$(inherited)",
					"-framework",
					XCTest,
					"-ObjC",
				);
				PRODUCT_NAME = "$(TARGET_NAME)";
				USER_HEADER_SEARCH_PATHS = "$(SRCROOT)/Source/** $(SRCROOT)/Vendor/**";
			};
			name = Debug;
		};
		6061DA7E1B111AF5002DC83B /* Release */ = {
			isa = XCBuildConfiguration;
			buildSettings = {
				ALWAYS_SEARCH_USER_PATHS = YES;
				FRAMEWORK_SEARCH_PATHS = (
					"$(SDKROOT)/Developer/Library/Frameworks",
					"$(inherited)",
				);
				INFOPLIST_FILE = Tests/Info.plist;
				LD_RUNPATH_SEARCH_PATHS = "$(inherited) @executable_path/Frameworks @loader_path/Frameworks";
				LIBRARY_SEARCH_PATHS = (
					"$(inherited)",
					"$(PROJECT_DIR)/Vendor",
				);
				OTHER_LDFLAGS = (
					"$(inherited)",
					"-framework",
					XCTest,
					"-ObjC",
				);
				PRODUCT_NAME = "$(TARGET_NAME)";
				USER_HEADER_SEARCH_PATHS = "$(SRCROOT)/Source/** $(SRCROOT)/Vendor/**";
			};
			name = Release;
		};
/* End XCBuildConfiguration section */

/* Begin XCConfigurationList section */
		6061DA5D1B111AF5002DC83B /* Build configuration list for PBXProject "CarrotSDK" */ = {
			isa = XCConfigurationList;
			buildConfigurations = (
				6061DA771B111AF5002DC83B /* Debug */,
				6061DA781B111AF5002DC83B /* Release */,
			);
			defaultConfigurationIsVisible = 0;
			defaultConfigurationName = Release;
		};
		6061DA791B111AF5002DC83B /* Build configuration list for PBXNativeTarget "CarrotSDK" */ = {
			isa = XCConfigurationList;
			buildConfigurations = (
				6061DA7A1B111AF5002DC83B /* Debug */,
				6061DA7B1B111AF5002DC83B /* Release */,
			);
			defaultConfigurationIsVisible = 0;
			defaultConfigurationName = Release;
		};
		6061DA7C1B111AF5002DC83B /* Build configuration list for PBXNativeTarget "CarrotSDKTests" */ = {
			isa = XCConfigurationList;
			buildConfigurations = (
				6061DA7D1B111AF5002DC83B /* Debug */,
				6061DA7E1B111AF5002DC83B /* Release */,
			);
			defaultConfigurationIsVisible = 0;
			defaultConfigurationName = Release;
		};
/* End XCConfigurationList section */
	};
	rootObject = 6061DA5A1B111AF5002DC83B /* Project object */;
}
