// !$*UTF8*$!
{
	archiveVersion = 1;
	classes = {
	};
	objectVersion = 46;
	objects = {

/* Begin PBXBuildFile section */
		603CC7A91B14A9FA0077A48C /* main.m in Sources */ = {isa = PBXBuildFile; fileRef = 603CC7A81B14A9FA0077A48C /* main.m */; };
		603CC7AC1B14A9FA0077A48C /* AppDelegate.m in Sources */ = {isa = PBXBuildFile; fileRef = 603CC7AB1B14A9FA0077A48C /* AppDelegate.m */; };
		603CC7AF1B14A9FA0077A48C /* BeaconViewController.m in Sources */ = {isa = PBXBuildFile; fileRef = 603CC7AE1B14A9FA0077A48C /* BeaconViewController.m */; };
		603CC7B51B14A9FA0077A48C /* Main.storyboard in Resources */ = {isa = PBXBuildFile; fileRef = 603CC7B31B14A9FA0077A48C /* Main.storyboard */; };
		603CC7B71B14A9FA0077A48C /* Images.xcassets in Resources */ = {isa = PBXBuildFile; fileRef = 603CC7B61B14A9FA0077A48C /* Images.xcassets */; };
		603CC7C61B14A9FA0077A48C /* ExampleTests.m in Sources */ = {isa = PBXBuildFile; fileRef = 603CC7C51B14A9FA0077A48C /* ExampleTests.m */; };
		603CC7DC1B14AA5F0077A48C /* CoreLocation.framework in Frameworks */ = {isa = PBXBuildFile; fileRef = 603CC7DB1B14AA5F0077A48C /* CoreLocation.framework */; };
		603CC7E01B14B11B0077A48C /* CarrotSDK.framework in Embed Frameworks */ = {isa = PBXBuildFile; fileRef = 603CC7DE1B14B11A0077A48C /* CarrotSDK.framework */; settings = {ATTRIBUTES = (CodeSignOnCopy, RemoveHeadersOnCopy, ); }; };
		60AA3FE01B19C9FD006F05AA /* StatusViewController.m in Sources */ = {isa = PBXBuildFile; fileRef = 60AA3FDF1B19C9FD006F05AA /* StatusViewController.m */; };
/* End PBXBuildFile section */

/* Begin PBXContainerItemProxy section */
		603CC7C01B14A9FA0077A48C /* PBXContainerItemProxy */ = {
			isa = PBXContainerItemProxy;
			containerPortal = 603CC79B1B14A9FA0077A48C /* Project object */;
			proxyType = 1;
			remoteGlobalIDString = 603CC7A21B14A9FA0077A48C;
			remoteInfo = Example;
		};
/* End PBXContainerItemProxy section */

/* Begin PBXCopyFilesBuildPhase section */
		603CC7E11B14B11B0077A48C /* Embed Frameworks */ = {
			isa = PBXCopyFilesBuildPhase;
			buildActionMask = 2147483647;
			dstPath = "";
			dstSubfolderSpec = 10;
			files = (
				603CC7E01B14B11B0077A48C /* CarrotSDK.framework in Embed Frameworks */,
			);
			name = "Embed Frameworks";
			runOnlyForDeploymentPostprocessing = 0;
		};
/* End PBXCopyFilesBuildPhase section */

/* Begin PBXFileReference section */
		603CC7A31B14A9FA0077A48C /* Example.app */ = {isa = PBXFileReference; explicitFileType = wrapper.application; includeInIndex = 0; path = Example.app; sourceTree = BUILT_PRODUCTS_DIR; };
		603CC7A71B14A9FA0077A48C /* Info.plist */ = {isa = PBXFileReference; lastKnownFileType = text.plist.xml; path = Info.plist; sourceTree = "<group>"; };
		603CC7A81B14A9FA0077A48C /* main.m */ = {isa = PBXFileReference; lastKnownFileType = sourcecode.c.objc; path = main.m; sourceTree = "<group>"; };
		603CC7AA1B14A9FA0077A48C /* AppDelegate.h */ = {isa = PBXFileReference; lastKnownFileType = sourcecode.c.h; path = AppDelegate.h; sourceTree = "<group>"; };
		603CC7AB1B14A9FA0077A48C /* AppDelegate.m */ = {isa = PBXFileReference; lastKnownFileType = sourcecode.c.objc; path = AppDelegate.m; sourceTree = "<group>"; };
		603CC7AD1B14A9FA0077A48C /* BeaconViewController.h */ = {isa = PBXFileReference; lastKnownFileType = sourcecode.c.h; path = BeaconViewController.h; sourceTree = "<group>"; };
		603CC7AE1B14A9FA0077A48C /* BeaconViewController.m */ = {isa = PBXFileReference; lastKnownFileType = sourcecode.c.objc; path = BeaconViewController.m; sourceTree = "<group>"; };
		603CC7B41B14A9FA0077A48C /* Base */ = {isa = PBXFileReference; lastKnownFileType = file.storyboard; name = Base; path = Base.lproj/Main.storyboard; sourceTree = "<group>"; };
		603CC7B61B14A9FA0077A48C /* Images.xcassets */ = {isa = PBXFileReference; lastKnownFileType = folder.assetcatalog; path = Images.xcassets; sourceTree = "<group>"; };
		603CC7BF1B14A9FA0077A48C /* ExampleTests.xctest */ = {isa = PBXFileReference; explicitFileType = wrapper.cfbundle; includeInIndex = 0; path = ExampleTests.xctest; sourceTree = BUILT_PRODUCTS_DIR; };
		603CC7C41B14A9FA0077A48C /* Info.plist */ = {isa = PBXFileReference; lastKnownFileType = text.plist.xml; path = Info.plist; sourceTree = "<group>"; };
		603CC7C51B14A9FA0077A48C /* ExampleTests.m */ = {isa = PBXFileReference; lastKnownFileType = sourcecode.c.objc; path = ExampleTests.m; sourceTree = "<group>"; };
		603CC7D81B14AA410077A48C /* CarrotSDK.framework */ = {isa = PBXFileReference; lastKnownFileType = wrapper.framework; name = CarrotSDK.framework; path = "../../build/Debug-iphoneos/CarrotSDK.framework"; sourceTree = "<group>"; };
		603CC7DB1B14AA5F0077A48C /* CoreLocation.framework */ = {isa = PBXFileReference; lastKnownFileType = wrapper.framework; name = CoreLocation.framework; path = System/Library/Frameworks/CoreLocation.framework; sourceTree = SDKROOT; };
		603CC7DE1B14B11A0077A48C /* CarrotSDK.framework */ = {isa = PBXFileReference; explicitFileType = wrapper.framework; name = CarrotSDK.framework; path = "/Users/bfolder/Library/Developer/Xcode/DerivedData/CarrotSDK-gbrvxflweoctsvgthcjctgyygira/Build/Products/Debug-iphoneos/CarrotSDK.framework"; sourceTree = "<absolute>"; };
		60AA3FDE1B19C9FD006F05AA /* StatusViewController.h */ = {isa = PBXFileReference; fileEncoding = 4; lastKnownFileType = sourcecode.c.h; path = StatusViewController.h; sourceTree = "<group>"; };
		60AA3FDF1B19C9FD006F05AA /* StatusViewController.m */ = {isa = PBXFileReference; fileEncoding = 4; lastKnownFileType = sourcecode.c.objc; path = StatusViewController.m; sourceTree = "<group>"; };
/* End PBXFileReference section */

/* Begin PBXFrameworksBuildPhase section */
		603CC7A01B14A9FA0077A48C /* Frameworks */ = {
			isa = PBXFrameworksBuildPhase;
			buildActionMask = 2147483647;
			files = (
				603CC7DC1B14AA5F0077A48C /* CoreLocation.framework in Frameworks */,
			);
			runOnlyForDeploymentPostprocessing = 0;
		};
		603CC7BC1B14A9FA0077A48C /* Frameworks */ = {
			isa = PBXFrameworksBuildPhase;
			buildActionMask = 2147483647;
			files = (
			);
			runOnlyForDeploymentPostprocessing = 0;
		};
/* End PBXFrameworksBuildPhase section */

/* Begin PBXGroup section */
		603CC79A1B14A9FA0077A48C = {
			isa = PBXGroup;
			children = (
				603CC7A51B14A9FA0077A48C /* Example */,
				603CC7C21B14A9FA0077A48C /* ExampleTests */,
				603CC7A41B14A9FA0077A48C /* Products */,
			);
			sourceTree = "<group>";
		};
		603CC7A41B14A9FA0077A48C /* Products */ = {
			isa = PBXGroup;
			children = (
				603CC7A31B14A9FA0077A48C /* Example.app */,
				603CC7BF1B14A9FA0077A48C /* ExampleTests.xctest */,
			);
			name = Products;
			sourceTree = "<group>";
		};
		603CC7A51B14A9FA0077A48C /* Example */ = {
			isa = PBXGroup;
			children = (
				603CC7AA1B14A9FA0077A48C /* AppDelegate.h */,
				603CC7AB1B14A9FA0077A48C /* AppDelegate.m */,
				60AA3FDE1B19C9FD006F05AA /* StatusViewController.h */,
				60AA3FDF1B19C9FD006F05AA /* StatusViewController.m */,
				603CC7AD1B14A9FA0077A48C /* BeaconViewController.h */,
				603CC7AE1B14A9FA0077A48C /* BeaconViewController.m */,
				603CC7B31B14A9FA0077A48C /* Main.storyboard */,
				603CC7B61B14A9FA0077A48C /* Images.xcassets */,
				603CC7DD1B14AA6B0077A48C /* Frameworks */,
				603CC7A61B14A9FA0077A48C /* Supporting Files */,
			);
			path = Example;
			sourceTree = "<group>";
		};
		603CC7A61B14A9FA0077A48C /* Supporting Files */ = {
			isa = PBXGroup;
			children = (
				603CC7A71B14A9FA0077A48C /* Info.plist */,
				603CC7A81B14A9FA0077A48C /* main.m */,
			);
			name = "Supporting Files";
			sourceTree = "<group>";
		};
		603CC7C21B14A9FA0077A48C /* ExampleTests */ = {
			isa = PBXGroup;
			children = (
				603CC7C51B14A9FA0077A48C /* ExampleTests.m */,
				603CC7C31B14A9FA0077A48C /* Supporting Files */,
			);
			path = ExampleTests;
			sourceTree = "<group>";
		};
		603CC7C31B14A9FA0077A48C /* Supporting Files */ = {
			isa = PBXGroup;
			children = (
				603CC7C41B14A9FA0077A48C /* Info.plist */,
			);
			name = "Supporting Files";
			sourceTree = "<group>";
		};
		603CC7DD1B14AA6B0077A48C /* Frameworks */ = {
			isa = PBXGroup;
			children = (
				603CC7DE1B14B11A0077A48C /* CarrotSDK.framework */,
				603CC7DB1B14AA5F0077A48C /* CoreLocation.framework */,
				603CC7D81B14AA410077A48C /* CarrotSDK.framework */,
			);
			name = Frameworks;
			sourceTree = "<group>";
		};
/* End PBXGroup section */

/* Begin PBXNativeTarget section */
		603CC7A21B14A9FA0077A48C /* Example */ = {
			isa = PBXNativeTarget;
			buildConfigurationList = 603CC7C91B14A9FA0077A48C /* Build configuration list for PBXNativeTarget "Example" */;
			buildPhases = (
				603CC79F1B14A9FA0077A48C /* Sources */,
				603CC7A01B14A9FA0077A48C /* Frameworks */,
				603CC7A11B14A9FA0077A48C /* Resources */,
				603CC7E11B14B11B0077A48C /* Embed Frameworks */,
			);
			buildRules = (
			);
			dependencies = (
			);
			name = Example;
			productName = Example;
			productReference = 603CC7A31B14A9FA0077A48C /* Example.app */;
			productType = "com.apple.product-type.application";
		};
		603CC7BE1B14A9FA0077A48C /* ExampleTests */ = {
			isa = PBXNativeTarget;
			buildConfigurationList = 603CC7CC1B14A9FA0077A48C /* Build configuration list for PBXNativeTarget "ExampleTests" */;
			buildPhases = (
				603CC7BB1B14A9FA0077A48C /* Sources */,
				603CC7BC1B14A9FA0077A48C /* Frameworks */,
				603CC7BD1B14A9FA0077A48C /* Resources */,
			);
			buildRules = (
			);
			dependencies = (
				603CC7C11B14A9FA0077A48C /* PBXTargetDependency */,
			);
			name = ExampleTests;
			productName = ExampleTests;
			productReference = 603CC7BF1B14A9FA0077A48C /* ExampleTests.xctest */;
			productType = "com.apple.product-type.bundle.unit-test";
		};
/* End PBXNativeTarget section */

/* Begin PBXProject section */
		603CC79B1B14A9FA0077A48C /* Project object */ = {
			isa = PBXProject;
			attributes = {
				LastUpgradeCheck = 0700;
				ORGANIZATIONNAME = boxedfolder.com;
				TargetAttributes = {
					603CC7A21B14A9FA0077A48C = {
						CreatedOnToolsVersion = 6.3.2;
						SystemCapabilities = {
							com.apple.BackgroundModes = {
								enabled = 1;
							};
						};
					};
					603CC7BE1B14A9FA0077A48C = {
						CreatedOnToolsVersion = 6.3.2;
						TestTargetID = 603CC7A21B14A9FA0077A48C;
					};
				};
			};
			buildConfigurationList = 603CC79E1B14A9FA0077A48C /* Build configuration list for PBXProject "Example" */;
			compatibilityVersion = "Xcode 3.2";
			developmentRegion = English;
			hasScannedForEncodings = 0;
			knownRegions = (
				en,
				Base,
			);
			mainGroup = 603CC79A1B14A9FA0077A48C;
			productRefGroup = 603CC7A41B14A9FA0077A48C /* Products */;
			projectDirPath = "";
			projectRoot = "";
			targets = (
				603CC7A21B14A9FA0077A48C /* Example */,
				603CC7BE1B14A9FA0077A48C /* ExampleTests */,
			);
		};
/* End PBXProject section */

/* Begin PBXResourcesBuildPhase section */
		603CC7A11B14A9FA0077A48C /* Resources */ = {
			isa = PBXResourcesBuildPhase;
			buildActionMask = 2147483647;
			files = (
				603CC7B51B14A9FA0077A48C /* Main.storyboard in Resources */,
				603CC7B71B14A9FA0077A48C /* Images.xcassets in Resources */,
			);
			runOnlyForDeploymentPostprocessing = 0;
		};
		603CC7BD1B14A9FA0077A48C /* Resources */ = {
			isa = PBXResourcesBuildPhase;
			buildActionMask = 2147483647;
			files = (
			);
			runOnlyForDeploymentPostprocessing = 0;
		};
/* End PBXResourcesBuildPhase section */

/* Begin PBXSourcesBuildPhase section */
		603CC79F1B14A9FA0077A48C /* Sources */ = {
			isa = PBXSourcesBuildPhase;
			buildActionMask = 2147483647;
			files = (
				60AA3FE01B19C9FD006F05AA /* StatusViewController.m in Sources */,
				603CC7AC1B14A9FA0077A48C /* AppDelegate.m in Sources */,
				603CC7AF1B14A9FA0077A48C /* BeaconViewController.m in Sources */,
				603CC7A91B14A9FA0077A48C /* main.m in Sources */,
			);
			runOnlyForDeploymentPostprocessing = 0;
		};
		603CC7BB1B14A9FA0077A48C /* Sources */ = {
			isa = PBXSourcesBuildPhase;
			buildActionMask = 2147483647;
			files = (
				603CC7C61B14A9FA0077A48C /* ExampleTests.m in Sources */,
			);
			runOnlyForDeploymentPostprocessing = 0;
		};
/* End PBXSourcesBuildPhase section */

/* Begin PBXTargetDependency section */
		603CC7C11B14A9FA0077A48C /* PBXTargetDependency */ = {
			isa = PBXTargetDependency;
			target = 603CC7A21B14A9FA0077A48C /* Example */;
			targetProxy = 603CC7C01B14A9FA0077A48C /* PBXContainerItemProxy */;
		};
/* End PBXTargetDependency section */

/* Begin PBXVariantGroup section */
		603CC7B31B14A9FA0077A48C /* Main.storyboard */ = {
			isa = PBXVariantGroup;
			children = (
				603CC7B41B14A9FA0077A48C /* Base */,
			);
			name = Main.storyboard;
			sourceTree = "<group>";
		};
/* End PBXVariantGroup section */

/* Begin XCBuildConfiguration section */
		603CC7C71B14A9FA0077A48C /* Debug */ = {
			isa = XCBuildConfiguration;
			buildSettings = {
				ALWAYS_SEARCH_USER_PATHS = NO;
				CLANG_CXX_LANGUAGE_STANDARD = "gnu++0x";
				CLANG_CXX_LIBRARY = "libc++";
				CLANG_ENABLE_MODULES = YES;
				CLANG_ENABLE_OBJC_ARC = YES;
				CLANG_WARN_BOOL_CONVERSION = YES;
				CLANG_WARN_CONSTANT_CONVERSION = YES;
				CLANG_WARN_DIRECT_OBJC_ISA_USAGE = YES_ERROR;
				CLANG_WARN_EMPTY_BODY = YES;
				CLANG_WARN_ENUM_CONVERSION = YES;
				CLANG_WARN_INT_CONVERSION = YES;
				CLANG_WARN_OBJC_ROOT_CLASS = YES_ERROR;
				CLANG_WARN_UNREACHABLE_CODE = YES;
				CLANG_WARN__DUPLICATE_METHOD_MATCH = YES;
				"CODE_SIGN_IDENTITY[sdk=iphoneos*]" = "iPhone Developer";
				COPY_PHASE_STRIP = NO;
				DEBUG_INFORMATION_FORMAT = "dwarf-with-dsym";
				ENABLE_STRICT_OBJC_MSGSEND = YES;
				ENABLE_TESTABILITY = YES;
				GCC_C_LANGUAGE_STANDARD = gnu99;
				GCC_DYNAMIC_NO_PIC = NO;
				GCC_NO_COMMON_BLOCKS = YES;
				GCC_OPTIMIZATION_LEVEL = 0;
				GCC_PREPROCESSOR_DEFINITIONS = (
					"DEBUG=1",
					"$(inherited)",
				);
				GCC_SYMBOLS_PRIVATE_EXTERN = NO;
				GCC_WARN_64_TO_32_BIT_CONVERSION = YES;
				GCC_WARN_ABOUT_RETURN_TYPE = YES_ERROR;
				GCC_WARN_UNDECLARED_SELECTOR = YES;
				GCC_WARN_UNINITIALIZED_AUTOS = YES_AGGRESSIVE;
				GCC_WARN_UNUSED_FUNCTION = YES;
				GCC_WARN_UNUSED_VARIABLE = YES;
				IPHONEOS_DEPLOYMENT_TARGET = 8.3;
				MTL_ENABLE_DEBUG_INFO = YES;
				ONLY_ACTIVE_ARCH = YES;
				SDKROOT = iphoneos;
				TARGETED_DEVICE_FAMILY = "1,2";
			};
			name = Debug;
		};
		603CC7C81B14A9FA0077A48C /* Release */ = {
			isa = XCBuildConfiguration;
			buildSettings = {
				ALWAYS_SEARCH_USER_PATHS = NO;
				CLANG_CXX_LANGUAGE_STANDARD = "gnu++0x";
				CLANG_CXX_LIBRARY = "libc++";
				CLANG_ENABLE_MODULES = YES;
				CLANG_ENABLE_OBJC_ARC = YES;
				CLANG_WARN_BOOL_CONVERSION = YES;
				CLANG_WARN_CONSTANT_CONVERSION = YES;
				CLANG_WARN_DIRECT_OBJC_ISA_USAGE = YES_ERROR;
				CLANG_WARN_EMPTY_BODY = YES;
				CLANG_WARN_ENUM_CONVERSION = YES;
				CLANG_WARN_INT_CONVERSION = YES;
				CLANG_WARN_OBJC_ROOT_CLASS = YES_ERROR;
				CLANG_WARN_UNREACHABLE_CODE = YES;
				CLANG_WARN__DUPLICATE_METHOD_MATCH = YES;
				"CODE_SIGN_IDENTITY[sdk=iphoneos*]" = "iPhone Developer";
				COPY_PHASE_STRIP = NO;
				DEBUG_INFORMATION_FORMAT = "dwarf-with-dsym";
				ENABLE_NS_ASSERTIONS = NO;
				ENABLE_STRICT_OBJC_MSGSEND = YES;
				GCC_C_LANGUAGE_STANDARD = gnu99;
				GCC_NO_COMMON_BLOCKS = YES;
				GCC_WARN_64_TO_32_BIT_CONVERSION = YES;
				GCC_WARN_ABOUT_RETURN_TYPE = YES_ERROR;
				GCC_WARN_UNDECLARED_SELECTOR = YES;
				GCC_WARN_UNINITIALIZED_AUTOS = YES_AGGRESSIVE;
				GCC_WARN_UNUSED_FUNCTION = YES;
				GCC_WARN_UNUSED_VARIABLE = YES;
				IPHONEOS_DEPLOYMENT_TARGET = 8.3;
				MTL_ENABLE_DEBUG_INFO = NO;
				SDKROOT = iphoneos;
				TARGETED_DEVICE_FAMILY = "1,2";
				VALIDATE_PRODUCT = YES;
			};
			name = Release;
		};
		603CC7CA1B14A9FA0077A48C /* Debug */ = {
			isa = XCBuildConfiguration;
			buildSettings = {
				ASSETCATALOG_COMPILER_APPICON_NAME = AppIcon;
				ASSETCATALOG_COMPILER_LAUNCHIMAGE_NAME = LaunchImage;
				FRAMEWORK_SEARCH_PATHS = (
					"$(inherited)",
					"$(USER_LIBRARY_DIR)/Developer/Xcode/DerivedData/CarrotSDK-gbrvxflweoctsvgthcjctgyygira/Build/Products/Debug-iphoneos",
				);
				INFOPLIST_FILE = Example/Info.plist;
				IPHONEOS_DEPLOYMENT_TARGET = 8.4;
				LD_RUNPATH_SEARCH_PATHS = "$(inherited) @executable_path/Frameworks";
				PRODUCT_BUNDLE_IDENTIFIER = com.boxedfolder.CarrotExample;
				PRODUCT_NAME = "$(TARGET_NAME)";
			};
			name = Debug;
		};
		603CC7CB1B14A9FA0077A48C /* Release */ = {
			isa = XCBuildConfiguration;
			buildSettings = {
				ASSETCATALOG_COMPILER_APPICON_NAME = AppIcon;
				ASSETCATALOG_COMPILER_LAUNCHIMAGE_NAME = LaunchImage;
				FRAMEWORK_SEARCH_PATHS = (
					"$(inherited)",
					"$(USER_LIBRARY_DIR)/Developer/Xcode/DerivedData/CarrotSDK-gbrvxflweoctsvgthcjctgyygira/Build/Products/Debug-iphoneos",
				);
				INFOPLIST_FILE = Example/Info.plist;
				IPHONEOS_DEPLOYMENT_TARGET = 8.4;
				LD_RUNPATH_SEARCH_PATHS = "$(inherited) @executable_path/Frameworks";
				PRODUCT_BUNDLE_IDENTIFIER = com.boxedfolder.CarrotExample;
				PRODUCT_NAME = "$(TARGET_NAME)";
			};
			name = Release;
		};
		603CC7CD1B14A9FA0077A48C /* Debug */ = {
			isa = XCBuildConfiguration;
			buildSettings = {
				BUNDLE_LOADER = "$(TEST_HOST)";
				FRAMEWORK_SEARCH_PATHS = "$(inherited)";
				GCC_PREPROCESSOR_DEFINITIONS = (
					"DEBUG=1",
					"$(inherited)",
				);
				INFOPLIST_FILE = ExampleTests/Info.plist;
				LD_RUNPATH_SEARCH_PATHS = "$(inherited) @executable_path/Frameworks @loader_path/Frameworks";
				PRODUCT_BUNDLE_IDENTIFIER = "com.boxedfolder.$(PRODUCT_NAME:rfc1034identifier)";
				PRODUCT_NAME = "$(TARGET_NAME)";
				TEST_HOST = "$(BUILT_PRODUCTS_DIR)/Example.app/Example";
			};
			name = Debug;
		};
		603CC7CE1B14A9FA0077A48C /* Release */ = {
			isa = XCBuildConfiguration;
			buildSettings = {
				BUNDLE_LOADER = "$(TEST_HOST)";
				FRAMEWORK_SEARCH_PATHS = "$(inherited)";
				INFOPLIST_FILE = ExampleTests/Info.plist;
				LD_RUNPATH_SEARCH_PATHS = "$(inherited) @executable_path/Frameworks @loader_path/Frameworks";
				PRODUCT_BUNDLE_IDENTIFIER = "com.boxedfolder.$(PRODUCT_NAME:rfc1034identifier)";
				PRODUCT_NAME = "$(TARGET_NAME)";
				TEST_HOST = "$(BUILT_PRODUCTS_DIR)/Example.app/Example";
			};
			name = Release;
		};
/* End XCBuildConfiguration section */

/* Begin XCConfigurationList section */
		603CC79E1B14A9FA0077A48C /* Build configuration list for PBXProject "Example" */ = {
			isa = XCConfigurationList;
			buildConfigurations = (
				603CC7C71B14A9FA0077A48C /* Debug */,
				603CC7C81B14A9FA0077A48C /* Release */,
			);
			defaultConfigurationIsVisible = 0;
			defaultConfigurationName = Release;
		};
		603CC7C91B14A9FA0077A48C /* Build configuration list for PBXNativeTarget "Example" */ = {
			isa = XCConfigurationList;
			buildConfigurations = (
				603CC7CA1B14A9FA0077A48C /* Debug */,
				603CC7CB1B14A9FA0077A48C /* Release */,
			);
			defaultConfigurationIsVisible = 0;
			defaultConfigurationName = Release;
		};
		603CC7CC1B14A9FA0077A48C /* Build configuration list for PBXNativeTarget "ExampleTests" */ = {
			isa = XCConfigurationList;
			buildConfigurations = (
				603CC7CD1B14A9FA0077A48C /* Debug */,
				603CC7CE1B14A9FA0077A48C /* Release */,
			);
			defaultConfigurationIsVisible = 0;
			defaultConfigurationName = Release;
		};
/* End XCConfigurationList section */
	};
	rootObject = 603CC79B1B14A9FA0077A48C /* Project object */;
}
